<?xml version="1.0" encoding="utf-8"?>
<Project ToolsVersion="4.0" xmlns="http://schemas.microsoft.com/developer/msbuild/2003">
  <ItemGroup>
    <Filter Include="SOURCE">
      <UniqueIdentifier>{be73f98c-681c-4588-98c1-4196e0a65aba}</UniqueIdentifier>
    </Filter>
    <Filter Include="SOURCE\Render2D">
      <UniqueIdentifier>{6dff6b7a-d407-426c-bcb3-f885afc2a0bf}</UniqueIdentifier>
    </Filter>
    <Filter Include="SOURCE\Render2D\Object">
      <UniqueIdentifier>{e4454ad2-8441-44ff-b577-772febddddc9}</UniqueIdentifier>
    </Filter>
    <Filter Include="SOURCE\Render2D\Preprocess">
      <UniqueIdentifier>{b85057d0-0f91-4bd3-9004-3667fde1efc2}</UniqueIdentifier>
    </Filter>
    <Filter Include="SOURCE\Render2D\Camera">
      <UniqueIdentifier>{1eecf4ed-d83f-4107-ba53-9038af4d56ba}</UniqueIdentifier>
    </Filter>
    <Filter Include="SOURCE\Render2D\Object\Sprite">
      <UniqueIdentifier>{b3eeab0a-bfed-4bb9-bbaf-4eee6b1628aa}</UniqueIdentifier>
    </Filter>
    <Filter Include="SOURCE\Render2D\Types">
      <UniqueIdentifier>{59ba7d68-aa2a-4ea3-b7e4-2961b6c1420d}</UniqueIdentifier>
    </Filter>
    <Filter Include="SOURCE\Render2D\State">
      <UniqueIdentifier>{8c5b799a-9055-4d97-bfe9-9d7dd6dc84e0}</UniqueIdentifier>
    </Filter>
    <Filter Include="SOURCE\Render2D\Texture">
      <UniqueIdentifier>{4e81aa00-53e3-404c-972f-4e591e3dc718}</UniqueIdentifier>
    </Filter>
  </ItemGroup>
  <ItemGroup>
    <ClCompile Include="source\render2d\object\CRenderable2D.cpp">
      <Filter>SOURCE\Render2D\Object</Filter>
    </ClCompile>
    <ClCompile Include="source\render2d\camera\COrthoCamera.cpp">
      <Filter>SOURCE\Render2D\Camera</Filter>
    </ClCompile>
    <ClCompile Include="source\render2d\object\TileMapLayer.cpp">
      <Filter>SOURCE\Render2D\Object</Filter>
    </ClCompile>
    <ClCompile Include="source\render2d\object\Background2D.cpp">
      <Filter>SOURCE\Render2D\Object</Filter>
    </ClCompile>
    <ClCompile Include="source\render2d\object\sprite\CAnimSprite2D.cpp">
      <Filter>SOURCE\Render2D\Object\Sprite</Filter>
    </ClCompile>
    <ClCompile Include="source\render2d\object\sprite\CStreamedRenderable2D.cpp">
      <Filter>SOURCE\Render2D\Object\Sprite</Filter>
    </ClCompile>
    <ClCompile Include="source\render2d\preprocess\PaletteToLUT.cpp">
      <Filter>SOURCE\Render2D\Preprocess</Filter>
    </ClCompile>
    <ClCompile Include="source\render2d\state\WorldPalette.cpp">
      <Filter>SOURCE\Render2D\State</Filter>
    </ClCompile>
    <ClCompile Include="source\render2d\texture\TextureLoader.cpp">
      <Filter>SOURCE\Render2D\Texture</Filter>
    </ClCompile>
  </ItemGroup>
  <ItemGroup>
    <ClInclude Include="source\render2d\object\CRenderable2D.h">
      <Filter>SOURCE\Render2D\Object</Filter>
    </ClInclude>
    <ClInclude Include="source\render2d\preprocess\PaletteToLUT.h">
      <Filter>SOURCE\Render2D\Preprocess</Filter>
    </ClInclude>
    <ClInclude Include="source\render2d\camera\COrthoCamera.h">
      <Filter>SOURCE\Render2D\Camera</Filter>
    </ClInclude>
    <ClInclude Include="source\render2d\object\TileMapLayer.h">
      <Filter>SOURCE\Render2D\Object</Filter>
    </ClInclude>
    <ClInclude Include="source\render2d\object\Background2D.h">
      <Filter>SOURCE\Render2D\Object</Filter>
    </ClInclude>
    <ClInclude Include="source\render2d\object\sprite\CAnimSprite2D.h">
      <Filter>SOURCE\Render2D\Object\Sprite</Filter>
    </ClInclude>
    <ClInclude Include="source\render2d\object\sprite\CStreamedRenderable2D.h">
      <Filter>SOURCE\Render2D\Object\Sprite</Filter>
    </ClInclude>
    <ClInclude Include="source\render2d\types\spriteInfo.h">
      <Filter>SOURCE\Render2D\Types</Filter>
    </ClInclude>
    <ClInclude Include="source\render2d\state\WorldPalette.h">
      <Filter>SOURCE\Render2D\State</Filter>
    </ClInclude>
    <ClInclude Include="source\render2d\texture\TextureLoader.h">
      <Filter>SOURCE\Render2D\Texture</Filter>
    </ClInclude>
  </ItemGroup>
</Project>