<?xml version="1.0" encoding="utf-8"?>
<Project ToolsVersion="4.0" xmlns="http://schemas.microsoft.com/developer/msbuild/2003">
  <ItemGroup>
    <Filter Include="SOURCE">
      <UniqueIdentifier>{a5302c4f-cdde-403c-acda-6dd2b489a957}</UniqueIdentifier>
    </Filter>
    <Filter Include="SOURCE\Physical">
      <UniqueIdentifier>{35776d75-06e8-491f-b9e5-839e17bd15d4}</UniqueIdentifier>
    </Filter>
    <Filter Include="SOURCE\Physical\Physics">
      <UniqueIdentifier>{d8b90508-bcca-487c-a65d-168178300ed1}</UniqueIdentifier>
    </Filter>
    <Filter Include="SOURCE\Physical\Physics\Shapes">
      <UniqueIdentifier>{74a33077-a0df-48e7-95fb-1c8b7aead1b4}</UniqueIdentifier>
    </Filter>
    <Filter Include="SOURCE\Physical\Animation">
      <UniqueIdentifier>{d68be60c-e965-4ea0-8e6e-c9af09d83c3a}</UniqueIdentifier>
    </Filter>
    <Filter Include="SOURCE\Physical\Animation\Set">
      <UniqueIdentifier>{3862d0d8-1ebb-4650-8a77-ab1a12112278}</UniqueIdentifier>
    </Filter>
    <Filter Include="SOURCE\Physical\Animation\Curve">
      <UniqueIdentifier>{75ad347e-7431-435b-a065-aaa6f673ea3b}</UniqueIdentifier>
    </Filter>
    <Filter Include="SOURCE\Physical\Physics\Raycast">
      <UniqueIdentifier>{6ba346fb-acf9-47ad-9ac6-2851ff5f639b}</UniqueIdentifier>
    </Filter>
    <Filter Include="SOURCE\Physical\System">
      <UniqueIdentifier>{7ce9c98b-580e-4e5f-98ac-a68b1e28209a}</UniqueIdentifier>
    </Filter>
    <Filter Include="SOURCE\Physical\Skeleton">
      <UniqueIdentifier>{978b2131-3750-4831-ba9d-916f8d83c18f}</UniqueIdentifier>
    </Filter>
    <Filter Include="SOURCE\Physical\Physics\Water">
      <UniqueIdentifier>{1e117bbb-5226-4261-a265-27336d3b2689}</UniqueIdentifier>
    </Filter>
    <Filter Include="SOURCE\Physical\Physics\Wind">
      <UniqueIdentifier>{5f163d81-0c6c-4a3a-bbe9-c7f4f6f6f6ce}</UniqueIdentifier>
    </Filter>
    <Filter Include="SOURCE\Physical\Physics\Motion">
      <UniqueIdentifier>{e54539a5-5008-4933-813a-5f923ddcca28}</UniqueIdentifier>
    </Filter>
    <Filter Include="SOURCE\Physical\Physics\Phantom">
      <UniqueIdentifier>{e5d15d83-c536-4953-9044-05102cfdd0ac}</UniqueIdentifier>
    </Filter>
    <Filter Include="SOURCE-LIB">
      <UniqueIdentifier>{6f82b48a-7fc8-4ee0-a94f-2c02263605e9}</UniqueIdentifier>
    </Filter>
    <Filter Include="SOURCE-LIB\Box2D">
      <UniqueIdentifier>{c284d59c-daac-4e78-bb8f-7851508a0807}</UniqueIdentifier>
    </Filter>
    <Filter Include="SOURCE-LIB\Box2D\Collision">
      <UniqueIdentifier>{350069ea-61ed-48d6-be3a-c0f5b087a055}</UniqueIdentifier>
    </Filter>
    <Filter Include="SOURCE-LIB\Box2D\Common">
      <UniqueIdentifier>{eb0fc371-e0a7-4491-bf5e-e623d007ee37}</UniqueIdentifier>
    </Filter>
    <Filter Include="SOURCE-LIB\Box2D\Dynamics">
      <UniqueIdentifier>{dd36be4e-dbe0-4b93-8fa8-75862522c510}</UniqueIdentifier>
    </Filter>
    <Filter Include="SOURCE-LIB\Box2D\Rope">
      <UniqueIdentifier>{4144cc43-17c9-45e1-a664-96da3cc5526b}</UniqueIdentifier>
    </Filter>
    <Filter Include="SOURCE-LIB\Box2D\Collision\Shapes">
      <UniqueIdentifier>{b8cac62b-5d4b-41cc-a886-8be69ec6ecdf}</UniqueIdentifier>
    </Filter>
    <Filter Include="SOURCE-LIB\Box2D\Dynamics\Contacts">
      <UniqueIdentifier>{8ff1a7fc-bd28-4b9e-93b8-ec7ea105b057}</UniqueIdentifier>
    </Filter>
    <Filter Include="SOURCE-LIB\Box2D\Dynamics\Joints">
      <UniqueIdentifier>{25dfa497-decf-4328-be89-489bbc771942}</UniqueIdentifier>
    </Filter>
    <Filter Include="SOURCE\Physical\Wrapper">
      <UniqueIdentifier>{2105e972-e144-4609-8cf9-8da243b7de10}</UniqueIdentifier>
    </Filter>
  </ItemGroup>
  <ItemGroup>
    <ClInclude Include="source\physical\physical.h">
      <Filter>SOURCE\Physical</Filter>
    </ClInclude>
    <ClInclude Include="source\physical\physics.h">
      <Filter>SOURCE\Physical</Filter>
    </ClInclude>
    <ClInclude Include="source\physical\physics\CPhysics.h">
      <Filter>SOURCE\Physical\Physics</Filter>
    </ClInclude>
    <ClInclude Include="source\physical\physics\CPhysics.hpp">
      <Filter>SOURCE\Physical\Physics</Filter>
    </ClInclude>
    <ClInclude Include="source\physical\physics\CPhysicsCommon.h">
      <Filter>SOURCE\Physical\Physics</Filter>
    </ClInclude>
    <ClInclude Include="source\physical\physics\shapes\physMesh.h">
      <Filter>SOURCE\Physical\Physics\Shapes</Filter>
    </ClInclude>
    <ClInclude Include="source\physical\physics\shapes\physShape.h">
      <Filter>SOURCE\Physical\Physics\Shapes</Filter>
    </ClInclude>
    <ClInclude Include="source\physical\animation\CHKAnimation.h">
      <Filter>SOURCE\Physical\Animation</Filter>
    </ClInclude>
    <ClInclude Include="source\physical\animation\set\CHKAnimationSet.h">
      <Filter>SOURCE\Physical\Animation\Set</Filter>
    </ClInclude>
    <ClInclude Include="source\physical\animation\curve\CHKAnimationCurve.h">
      <Filter>SOURCE\Physical\Animation\Curve</Filter>
    </ClInclude>
    <ClInclude Include="source\physical\physics\raycast\RaycastHit.h">
      <Filter>SOURCE\Physical\Physics\Raycast</Filter>
    </ClInclude>
    <ClInclude Include="source\physical\system\Layers.h">
      <Filter>SOURCE\Physical\System</Filter>
    </ClInclude>
    <ClInclude Include="source\physical\skeleton\skeletonBone.h">
      <Filter>SOURCE\Physical\Skeleton</Filter>
    </ClInclude>
    <ClInclude Include="source\physical\physics\water\Water.h">
      <Filter>SOURCE\Physical\Physics\Water</Filter>
    </ClInclude>
    <ClInclude Include="source\physical\physics\wind\Wind.h">
      <Filter>SOURCE\Physical\Physics\Wind</Filter>
    </ClInclude>
    <ClInclude Include="source\physical\module_physical.h">
      <Filter>SOURCE\Physical</Filter>
    </ClInclude>
    <ClInclude Include="source\physical\physics\wind\CPhysWindBase.h">
      <Filter>SOURCE\Physical\Physics\Wind</Filter>
    </ClInclude>
    <ClInclude Include="source\physical\physics\motion\physRigidbody.h">
      <Filter>SOURCE\Physical\Physics\Motion</Filter>
    </ClInclude>
    <ClInclude Include="source\physical\physics\motion\physCharacter.h">
      <Filter>SOURCE\Physical\Physics\Motion</Filter>
    </ClInclude>
    <ClInclude Include="source\physical\physics\motion\physTriggerVolume.h">
      <Filter>SOURCE\Physical\Physics\Motion</Filter>
    </ClInclude>
    <ClInclude Include="source\physical\physics\phantom\hkArPhantomCallbackShape.h">
      <Filter>SOURCE\Physical\Physics\Phantom</Filter>
    </ClInclude>
    <ClInclude Include="source-lib\Box2D\Box2D.h">
      <Filter>SOURCE-LIB\Box2D</Filter>
    </ClInclude>
    <ClInclude Include="source-lib\Box2D\Collision\b2BroadPhase.h">
      <Filter>SOURCE-LIB\Box2D\Collision</Filter>
    </ClInclude>
    <ClInclude Include="source-lib\Box2D\Collision\b2Collision.h">
      <Filter>SOURCE-LIB\Box2D\Collision</Filter>
    </ClInclude>
    <ClInclude Include="source-lib\Box2D\Collision\b2Distance.h">
      <Filter>SOURCE-LIB\Box2D\Collision</Filter>
    </ClInclude>
    <ClInclude Include="source-lib\Box2D\Collision\b2DynamicTree.h">
      <Filter>SOURCE-LIB\Box2D\Collision</Filter>
    </ClInclude>
    <ClInclude Include="source-lib\Box2D\Collision\b2TimeOfImpact.h">
      <Filter>SOURCE-LIB\Box2D\Collision</Filter>
    </ClInclude>
    <ClInclude Include="source-lib\Box2D\Collision\Shapes\b2ChainShape.h">
      <Filter>SOURCE-LIB\Box2D\Collision\Shapes</Filter>
    </ClInclude>
    <ClInclude Include="source-lib\Box2D\Collision\Shapes\b2CircleShape.h">
      <Filter>SOURCE-LIB\Box2D\Collision\Shapes</Filter>
    </ClInclude>
    <ClInclude Include="source-lib\Box2D\Collision\Shapes\b2EdgeShape.h">
      <Filter>SOURCE-LIB\Box2D\Collision\Shapes</Filter>
    </ClInclude>
    <ClInclude Include="source-lib\Box2D\Collision\Shapes\b2PolygonShape.h">
      <Filter>SOURCE-LIB\Box2D\Collision\Shapes</Filter>
    </ClInclude>
    <ClInclude Include="source-lib\Box2D\Collision\Shapes\b2Shape.h">
      <Filter>SOURCE-LIB\Box2D\Collision\Shapes</Filter>
    </ClInclude>
    <ClInclude Include="source-lib\Box2D\Common\b2BlockAllocator.h">
      <Filter>SOURCE-LIB\Box2D\Common</Filter>
    </ClInclude>
    <ClInclude Include="source-lib\Box2D\Common\b2Draw.h">
      <Filter>SOURCE-LIB\Box2D\Common</Filter>
    </ClInclude>
    <ClInclude Include="source-lib\Box2D\Common\b2GrowableStack.h">
      <Filter>SOURCE-LIB\Box2D\Common</Filter>
    </ClInclude>
    <ClInclude Include="source-lib\Box2D\Common\b2Math.h">
      <Filter>SOURCE-LIB\Box2D\Common</Filter>
    </ClInclude>
    <ClInclude Include="source-lib\Box2D\Common\b2Settings.h">
      <Filter>SOURCE-LIB\Box2D\Common</Filter>
    </ClInclude>
    <ClInclude Include="source-lib\Box2D\Common\b2StackAllocator.h">
      <Filter>SOURCE-LIB\Box2D\Common</Filter>
    </ClInclude>
    <ClInclude Include="source-lib\Box2D\Common\b2Timer.h">
      <Filter>SOURCE-LIB\Box2D\Common</Filter>
    </ClInclude>
    <ClInclude Include="source-lib\Box2D\Dynamics\b2Body.h">
      <Filter>SOURCE-LIB\Box2D\Dynamics</Filter>
    </ClInclude>
    <ClInclude Include="source-lib\Box2D\Dynamics\b2ContactManager.h">
      <Filter>SOURCE-LIB\Box2D\Dynamics</Filter>
    </ClInclude>
    <ClInclude Include="source-lib\Box2D\Dynamics\b2Fixture.h">
      <Filter>SOURCE-LIB\Box2D\Dynamics</Filter>
    </ClInclude>
    <ClInclude Include="source-lib\Box2D\Dynamics\b2Island.h">
      <Filter>SOURCE-LIB\Box2D\Dynamics</Filter>
    </ClInclude>
    <ClInclude Include="source-lib\Box2D\Dynamics\b2TimeStep.h">
      <Filter>SOURCE-LIB\Box2D\Dynamics</Filter>
    </ClInclude>
    <ClInclude Include="source-lib\Box2D\Dynamics\b2World.h">
      <Filter>SOURCE-LIB\Box2D\Dynamics</Filter>
    </ClInclude>
    <ClInclude Include="source-lib\Box2D\Dynamics\b2WorldCallbacks.h">
      <Filter>SOURCE-LIB\Box2D\Dynamics</Filter>
    </ClInclude>
    <ClInclude Include="source-lib\Box2D\Dynamics\Contacts\b2ChainAndCircleContact.h">
      <Filter>SOURCE-LIB\Box2D\Dynamics\Contacts</Filter>
    </ClInclude>
    <ClInclude Include="source-lib\Box2D\Dynamics\Contacts\b2ChainAndPolygonContact.h">
      <Filter>SOURCE-LIB\Box2D\Dynamics\Contacts</Filter>
    </ClInclude>
    <ClInclude Include="source-lib\Box2D\Dynamics\Contacts\b2CircleContact.h">
      <Filter>SOURCE-LIB\Box2D\Dynamics\Contacts</Filter>
    </ClInclude>
    <ClInclude Include="source-lib\Box2D\Dynamics\Contacts\b2Contact.h">
      <Filter>SOURCE-LIB\Box2D\Dynamics\Contacts</Filter>
    </ClInclude>
    <ClInclude Include="source-lib\Box2D\Dynamics\Contacts\b2ContactSolver.h">
      <Filter>SOURCE-LIB\Box2D\Dynamics\Contacts</Filter>
    </ClInclude>
    <ClInclude Include="source-lib\Box2D\Dynamics\Contacts\b2EdgeAndCircleContact.h">
      <Filter>SOURCE-LIB\Box2D\Dynamics\Contacts</Filter>
    </ClInclude>
    <ClInclude Include="source-lib\Box2D\Dynamics\Contacts\b2EdgeAndPolygonContact.h">
      <Filter>SOURCE-LIB\Box2D\Dynamics\Contacts</Filter>
    </ClInclude>
    <ClInclude Include="source-lib\Box2D\Dynamics\Contacts\b2PolygonAndCircleContact.h">
      <Filter>SOURCE-LIB\Box2D\Dynamics\Contacts</Filter>
    </ClInclude>
    <ClInclude Include="source-lib\Box2D\Dynamics\Contacts\b2PolygonContact.h">
      <Filter>SOURCE-LIB\Box2D\Dynamics\Contacts</Filter>
    </ClInclude>
    <ClInclude Include="source-lib\Box2D\Dynamics\Joints\b2DistanceJoint.h">
      <Filter>SOURCE-LIB\Box2D\Dynamics\Joints</Filter>
    </ClInclude>
    <ClInclude Include="source-lib\Box2D\Dynamics\Joints\b2FrictionJoint.h">
      <Filter>SOURCE-LIB\Box2D\Dynamics\Joints</Filter>
    </ClInclude>
    <ClInclude Include="source-lib\Box2D\Dynamics\Joints\b2GearJoint.h">
      <Filter>SOURCE-LIB\Box2D\Dynamics\Joints</Filter>
    </ClInclude>
    <ClInclude Include="source-lib\Box2D\Dynamics\Joints\b2Joint.h">
      <Filter>SOURCE-LIB\Box2D\Dynamics\Joints</Filter>
    </ClInclude>
    <ClInclude Include="source-lib\Box2D\Dynamics\Joints\b2MotorJoint.h">
      <Filter>SOURCE-LIB\Box2D\Dynamics\Joints</Filter>
    </ClInclude>
    <ClInclude Include="source-lib\Box2D\Dynamics\Joints\b2MouseJoint.h">
      <Filter>SOURCE-LIB\Box2D\Dynamics\Joints</Filter>
    </ClInclude>
    <ClInclude Include="source-lib\Box2D\Dynamics\Joints\b2PrismaticJoint.h">
      <Filter>SOURCE-LIB\Box2D\Dynamics\Joints</Filter>
    </ClInclude>
    <ClInclude Include="source-lib\Box2D\Dynamics\Joints\b2PulleyJoint.h">
      <Filter>SOURCE-LIB\Box2D\Dynamics\Joints</Filter>
    </ClInclude>
    <ClInclude Include="source-lib\Box2D\Dynamics\Joints\b2RevoluteJoint.h">
      <Filter>SOURCE-LIB\Box2D\Dynamics\Joints</Filter>
    </ClInclude>
    <ClInclude Include="source-lib\Box2D\Dynamics\Joints\b2RopeJoint.h">
      <Filter>SOURCE-LIB\Box2D\Dynamics\Joints</Filter>
    </ClInclude>
    <ClInclude Include="source-lib\Box2D\Dynamics\Joints\b2WeldJoint.h">
      <Filter>SOURCE-LIB\Box2D\Dynamics\Joints</Filter>
    </ClInclude>
    <ClInclude Include="source-lib\Box2D\Dynamics\Joints\b2WheelJoint.h">
      <Filter>SOURCE-LIB\Box2D\Dynamics\Joints</Filter>
    </ClInclude>
    <ClInclude Include="source-lib\Box2D\Rope\b2Rope.h">
      <Filter>SOURCE-LIB\Box2D\Rope</Filter>
    </ClInclude>
    <ClInclude Include="source\physical\wrapper\physVector4.h">
      <Filter>SOURCE\Physical\Wrapper</Filter>
    </ClInclude>
    <ClInclude Include="source\physical\wrapper\wrapper_common.h">
      <Filter>SOURCE\Physical\Wrapper</Filter>
    </ClInclude>
    <ClInclude Include="source\physical\wrapper\physAabb.h">
      <Filter>SOURCE\Physical\Wrapper</Filter>
    </ClInclude>
  </ItemGroup>
  <ItemGroup>
    <ClCompile Include="source\physical\physics\CPhysics.cpp">
      <Filter>SOURCE\Physical\Physics</Filter>
    </ClCompile>
    <ClCompile Include="source\physical\physics\CPhysicsLayers.cpp">
      <Filter>SOURCE\Physical\Physics</Filter>
    </ClCompile>
    <ClCompile Include="source\physical\physics\shapes\physMesh.cpp">
      <Filter>SOURCE\Physical\Physics\Shapes</Filter>
    </ClCompile>
    <ClCompile Include="source\physical\animation\CHKAnimation.cpp">
      <Filter>SOURCE\Physical\Animation</Filter>
    </ClCompile>
    <ClCompile Include="source\physical\animation\set\CHKAnimationSet.cpp">
      <Filter>SOURCE\Physical\Animation\Set</Filter>
    </ClCompile>
    <ClCompile Include="source\physical\physics\water\Water.cpp">
      <Filter>SOURCE\Physical\Physics\Water</Filter>
    </ClCompile>
    <ClCompile Include="source\physical\physics\wind\Wind.cpp">
      <Filter>SOURCE\Physical\Physics\Wind</Filter>
    </ClCompile>
    <ClCompile Include="source\physical\module_physical.cpp">
      <Filter>SOURCE\Physical</Filter>
    </ClCompile>
    <ClCompile Include="source\physical\physics\wind\CPhysWindBase.cpp">
      <Filter>SOURCE\Physical\Physics\Wind</Filter>
    </ClCompile>
    <ClCompile Include="source\physical\physics\phantom\hkArPhantomCallbackShape.cpp">
      <Filter>SOURCE\Physical\Physics\Phantom</Filter>
    </ClCompile>
    <ClCompile Include="source\physical\physics\motion\physRigidbody.cpp">
      <Filter>SOURCE\Physical\Physics\Motion</Filter>
    </ClCompile>
    <ClCompile Include="source\physical\physics\motion\physTriggerVolume.cpp">
      <Filter>SOURCE\Physical\Physics\Motion</Filter>
    </ClCompile>
    <ClCompile Include="source\physical\physics\motion\physCharacter.cpp">
      <Filter>SOURCE\Physical\Physics\Motion</Filter>
    </ClCompile>
    <ClCompile Include="source-lib\Box2D\Collision\b2BroadPhase.cpp">
      <Filter>SOURCE-LIB\Box2D\Collision</Filter>
    </ClCompile>
    <ClCompile Include="source-lib\Box2D\Collision\b2CollideCircle.cpp">
      <Filter>SOURCE-LIB\Box2D\Collision</Filter>
    </ClCompile>
    <ClCompile Include="source-lib\Box2D\Collision\b2CollideEdge.cpp">
      <Filter>SOURCE-LIB\Box2D\Collision</Filter>
    </ClCompile>
    <ClCompile Include="source-lib\Box2D\Collision\b2CollidePolygon.cpp">
      <Filter>SOURCE-LIB\Box2D\Collision</Filter>
    </ClCompile>
    <ClCompile Include="source-lib\Box2D\Collision\b2Collision.cpp">
      <Filter>SOURCE-LIB\Box2D\Collision</Filter>
    </ClCompile>
    <ClCompile Include="source-lib\Box2D\Collision\b2Distance.cpp">
      <Filter>SOURCE-LIB\Box2D\Collision</Filter>
    </ClCompile>
    <ClCompile Include="source-lib\Box2D\Collision\b2DynamicTree.cpp">
      <Filter>SOURCE-LIB\Box2D\Collision</Filter>
    </ClCompile>
    <ClCompile Include="source-lib\Box2D\Collision\b2TimeOfImpact.cpp">
      <Filter>SOURCE-LIB\Box2D\Collision</Filter>
    </ClCompile>
    <ClCompile Include="source-lib\Box2D\Collision\Shapes\b2ChainShape.cpp">
      <Filter>SOURCE-LIB\Box2D\Collision\Shapes</Filter>
    </ClCompile>
    <ClCompile Include="source-lib\Box2D\Collision\Shapes\b2CircleShape.cpp">
      <Filter>SOURCE-LIB\Box2D\Collision\Shapes</Filter>
    </ClCompile>
    <ClCompile Include="source-lib\Box2D\Collision\Shapes\b2EdgeShape.cpp">
      <Filter>SOURCE-LIB\Box2D\Collision\Shapes</Filter>
    </ClCompile>
    <ClCompile Include="source-lib\Box2D\Collision\Shapes\b2PolygonShape.cpp">
      <Filter>SOURCE-LIB\Box2D\Collision\Shapes</Filter>
    </ClCompile>
    <ClCompile Include="source-lib\Box2D\Common\b2BlockAllocator.cpp">
      <Filter>SOURCE-LIB\Box2D\Common</Filter>
    </ClCompile>
    <ClCompile Include="source-lib\Box2D\Common\b2Draw.cpp">
      <Filter>SOURCE-LIB\Box2D\Common</Filter>
    </ClCompile>
    <ClCompile Include="source-lib\Box2D\Common\b2Math.cpp">
      <Filter>SOURCE-LIB\Box2D\Common</Filter>
    </ClCompile>
    <ClCompile Include="source-lib\Box2D\Common\b2Settings.cpp">
      <Filter>SOURCE-LIB\Box2D\Common</Filter>
    </ClCompile>
    <ClCompile Include="source-lib\Box2D\Common\b2StackAllocator.cpp">
      <Filter>SOURCE-LIB\Box2D\Common</Filter>
    </ClCompile>
    <ClCompile Include="source-lib\Box2D\Common\b2Timer.cpp">
      <Filter>SOURCE-LIB\Box2D\Common</Filter>
    </ClCompile>
    <ClCompile Include="source-lib\Box2D\Dynamics\b2Body.cpp">
      <Filter>SOURCE-LIB\Box2D\Dynamics</Filter>
    </ClCompile>
    <ClCompile Include="source-lib\Box2D\Dynamics\b2ContactManager.cpp">
      <Filter>SOURCE-LIB\Box2D\Dynamics</Filter>
    </ClCompile>
    <ClCompile Include="source-lib\Box2D\Dynamics\b2Fixture.cpp">
      <Filter>SOURCE-LIB\Box2D\Dynamics</Filter>
    </ClCompile>
    <ClCompile Include="source-lib\Box2D\Dynamics\b2Island.cpp">
      <Filter>SOURCE-LIB\Box2D\Dynamics</Filter>
    </ClCompile>
    <ClCompile Include="source-lib\Box2D\Dynamics\b2World.cpp">
      <Filter>SOURCE-LIB\Box2D\Dynamics</Filter>
    </ClCompile>
    <ClCompile Include="source-lib\Box2D\Dynamics\b2WorldCallbacks.cpp">
      <Filter>SOURCE-LIB\Box2D\Dynamics</Filter>
    </ClCompile>
    <ClCompile Include="source-lib\Box2D\Dynamics\Contacts\b2ChainAndCircleContact.cpp">
      <Filter>SOURCE-LIB\Box2D\Dynamics\Contacts</Filter>
    </ClCompile>
    <ClCompile Include="source-lib\Box2D\Dynamics\Contacts\b2ChainAndPolygonContact.cpp">
      <Filter>SOURCE-LIB\Box2D\Dynamics\Contacts</Filter>
    </ClCompile>
    <ClCompile Include="source-lib\Box2D\Dynamics\Contacts\b2CircleContact.cpp">
      <Filter>SOURCE-LIB\Box2D\Dynamics\Contacts</Filter>
    </ClCompile>
    <ClCompile Include="source-lib\Box2D\Dynamics\Contacts\b2Contact.cpp">
      <Filter>SOURCE-LIB\Box2D\Dynamics\Contacts</Filter>
    </ClCompile>
    <ClCompile Include="source-lib\Box2D\Dynamics\Contacts\b2ContactSolver.cpp">
      <Filter>SOURCE-LIB\Box2D\Dynamics\Contacts</Filter>
    </ClCompile>
    <ClCompile Include="source-lib\Box2D\Dynamics\Contacts\b2EdgeAndCircleContact.cpp">
      <Filter>SOURCE-LIB\Box2D\Dynamics\Contacts</Filter>
    </ClCompile>
    <ClCompile Include="source-lib\Box2D\Dynamics\Contacts\b2EdgeAndPolygonContact.cpp">
      <Filter>SOURCE-LIB\Box2D\Dynamics\Contacts</Filter>
    </ClCompile>
    <ClCompile Include="source-lib\Box2D\Dynamics\Contacts\b2PolygonAndCircleContact.cpp">
      <Filter>SOURCE-LIB\Box2D\Dynamics\Contacts</Filter>
    </ClCompile>
    <ClCompile Include="source-lib\Box2D\Dynamics\Contacts\b2PolygonContact.cpp">
      <Filter>SOURCE-LIB\Box2D\Dynamics\Contacts</Filter>
    </ClCompile>
    <ClCompile Include="source-lib\Box2D\Dynamics\Joints\b2DistanceJoint.cpp">
      <Filter>SOURCE-LIB\Box2D\Dynamics\Joints</Filter>
    </ClCompile>
    <ClCompile Include="source-lib\Box2D\Dynamics\Joints\b2FrictionJoint.cpp">
      <Filter>SOURCE-LIB\Box2D\Dynamics\Joints</Filter>
    </ClCompile>
    <ClCompile Include="source-lib\Box2D\Dynamics\Joints\b2GearJoint.cpp">
      <Filter>SOURCE-LIB\Box2D\Dynamics\Joints</Filter>
    </ClCompile>
    <ClCompile Include="source-lib\Box2D\Dynamics\Joints\b2Joint.cpp">
      <Filter>SOURCE-LIB\Box2D\Dynamics\Joints</Filter>
    </ClCompile>
    <ClCompile Include="source-lib\Box2D\Dynamics\Joints\b2MotorJoint.cpp">
      <Filter>SOURCE-LIB\Box2D\Dynamics\Joints</Filter>
    </ClCompile>
    <ClCompile Include="source-lib\Box2D\Dynamics\Joints\b2MouseJoint.cpp">
      <Filter>SOURCE-LIB\Box2D\Dynamics\Joints</Filter>
    </ClCompile>
    <ClCompile Include="source-lib\Box2D\Dynamics\Joints\b2PrismaticJoint.cpp">
      <Filter>SOURCE-LIB\Box2D\Dynamics\Joints</Filter>
    </ClCompile>
    <ClCompile Include="source-lib\Box2D\Dynamics\Joints\b2PulleyJoint.cpp">
      <Filter>SOURCE-LIB\Box2D\Dynamics\Joints</Filter>
    </ClCompile>
    <ClCompile Include="source-lib\Box2D\Dynamics\Joints\b2RevoluteJoint.cpp">
      <Filter>SOURCE-LIB\Box2D\Dynamics\Joints</Filter>
    </ClCompile>
    <ClCompile Include="source-lib\Box2D\Dynamics\Joints\b2RopeJoint.cpp">
      <Filter>SOURCE-LIB\Box2D\Dynamics\Joints</Filter>
    </ClCompile>
    <ClCompile Include="source-lib\Box2D\Dynamics\Joints\b2WeldJoint.cpp">
      <Filter>SOURCE-LIB\Box2D\Dynamics\Joints</Filter>
    </ClCompile>
    <ClCompile Include="source-lib\Box2D\Dynamics\Joints\b2WheelJoint.cpp">
      <Filter>SOURCE-LIB\Box2D\Dynamics\Joints</Filter>
    </ClCompile>
    <ClCompile Include="source-lib\Box2D\Rope\b2Rope.cpp">
      <Filter>SOURCE-LIB\Box2D\Rope</Filter>
    </ClCompile>
  </ItemGroup>
</Project>