<?xml version="1.0" encoding="utf-8"?>
<Project ToolsVersion="4.0" xmlns="http://schemas.microsoft.com/developer/msbuild/2003">
  <ItemGroup>
    <Filter Include="SOURCE">
      <UniqueIdentifier>{e9ddf854-1414-40ad-869a-b3629cda3807}</UniqueIdentifier>
    </Filter>
    <Filter Include="SOURCE\M04">
      <UniqueIdentifier>{486526cd-d5ce-43e7-832f-cd14c9e43ccf}</UniqueIdentifier>
    </Filter>
    <Filter Include="SOURCE\M04-Editor">
      <UniqueIdentifier>{7e86391b-ab1b-4ce0-aad8-f70e954ff87b}</UniqueIdentifier>
    </Filter>
    <Filter Include="SOURCE\M04\Scenes">
      <UniqueIdentifier>{d2bb32ed-066f-4cd7-88c9-6d7bc7d24029}</UniqueIdentifier>
    </Filter>
    <Filter Include="SOURCE\M04-Editor\Standalone">
      <UniqueIdentifier>{c8e216b2-85d6-440d-89de-89964911b04d}</UniqueIdentifier>
    </Filter>
    <Filter Include="SOURCE\M04-Editor\Utilities">
      <UniqueIdentifier>{6d957622-23da-4d10-9ca3-5b3e7ee0a8f0}</UniqueIdentifier>
    </Filter>
    <Filter Include="SOURCE\M04-Editor\Scenes">
      <UniqueIdentifier>{7d920156-96dc-432c-9ef4-c8d053f55892}</UniqueIdentifier>
    </Filter>
    <Filter Include="SOURCE\M04-Editor\Standalone\Mapeditor">
      <UniqueIdentifier>{81bbdcbd-2163-4247-98ec-e397d6ca1d45}</UniqueIdentifier>
    </Filter>
    <Filter Include="SOURCE\M04\Interfaces">
      <UniqueIdentifier>{8932863d-d732-4b3b-92be-efc068ab3f0f}</UniqueIdentifier>
    </Filter>
    <Filter Include="SOURCE\M04\States">
      <UniqueIdentifier>{4a077fc5-3d5e-41b1-ac6d-77d1696f8601}</UniqueIdentifier>
    </Filter>
    <Filter Include="SOURCE\M04-Editor\Renderer">
      <UniqueIdentifier>{03f50bce-86b8-4055-b8c1-feba8a41e8be}</UniqueIdentifier>
    </Filter>
    <Filter Include="SOURCE\M04-Editor\Renderer\Object">
      <UniqueIdentifier>{4afc5d5f-a9c5-42f2-ae43-e2f8550716f9}</UniqueIdentifier>
    </Filter>
    <Filter Include="SOURCE\M04-Editor\Entities">
      <UniqueIdentifier>{a60b3701-7d61-47eb-8f6a-6a2c5e4129f3}</UniqueIdentifier>
    </Filter>
    <Filter Include="SOURCE\M04\Entities">
      <UniqueIdentifier>{07427d47-d2cc-49b9-8b55-26ecd109f829}</UniqueIdentifier>
    </Filter>
  </ItemGroup>
  <ItemGroup>
    <ClInclude Include="source\m04\m04-common.h">
      <Filter>SOURCE\M04</Filter>
    </ClInclude>
    <ClInclude Include="source\m04\scenes\sceneTilesetTest.h">
      <Filter>SOURCE\M04\Scenes</Filter>
    </ClInclude>
    <ClInclude Include="source\m04-editor\utilties\PaletteConverter.h">
      <Filter>SOURCE\M04-Editor\Utilities</Filter>
    </ClInclude>
    <ClInclude Include="source\m04-editor\standalone\MapEditor.h">
      <Filter>SOURCE\M04-Editor\Standalone</Filter>
    </ClInclude>
    <ClInclude Include="source\m04-editor\scenes\sceneEditorMain.h">
      <Filter>SOURCE\M04-Editor\Scenes</Filter>
    </ClInclude>
    <ClInclude Include="source\m04-editor\standalone\mapeditor\TileSelector.h">
      <Filter>SOURCE\M04-Editor\Standalone\Mapeditor</Filter>
    </ClInclude>
    <ClInclude Include="source\m04-editor\standalone\mapeditor\TileSelectorUI.h">
      <Filter>SOURCE\M04-Editor\Standalone\Mapeditor</Filter>
    </ClInclude>
    <ClInclude Include="source\m04\interfaces\MapIO.h">
      <Filter>SOURCE\M04\Interfaces</Filter>
    </ClInclude>
    <ClInclude Include="source\m04\states\MapInformation.h">
      <Filter>SOURCE\M04\States</Filter>
    </ClInclude>
    <ClInclude Include="source\m04-editor\scenes\sceneDeveloperMenu.h">
      <Filter>SOURCE\M04-Editor\Scenes</Filter>
    </ClInclude>
    <ClInclude Include="source\m04-editor\standalone\DeveloperMenu.h">
      <Filter>SOURCE\M04-Editor\Standalone</Filter>
    </ClInclude>
    <ClInclude Include="source\m04-editor\renderer\object\AreaRenderer.h">
      <Filter>SOURCE\M04-Editor\Renderer\Object</Filter>
    </ClInclude>
    <ClInclude Include="source\m04-editor\entities\UIDragHandle.h">
      <Filter>SOURCE\M04-Editor\Entities</Filter>
    </ClInclude>
    <ClInclude Include="source\m04-editor\renderer\object\UIDragHandleRenderer.h">
      <Filter>SOURCE\M04-Editor\Renderer\Object</Filter>
    </ClInclude>
    <ClInclude Include="source\m04\entities\TestEntityBasic.h">
      <Filter>SOURCE\M04\Entities</Filter>
    </ClInclude>
    <ClInclude Include="source\m04-editor\standalone\mapeditor\ObjectEditorListing.h">
      <Filter>SOURCE\M04-Editor\Standalone\Mapeditor</Filter>
    </ClInclude>
    <ClInclude Include="source\m04-editor\standalone\mapeditor\EditorObject.h">
      <Filter>SOURCE\M04-Editor\Standalone\Mapeditor</Filter>
    </ClInclude>
    <ClInclude Include="source\m04-editor\renderer\object\GizmoRenderer.h">
      <Filter>SOURCE\M04-Editor\Renderer\Object</Filter>
    </ClInclude>
    <ClInclude Include="source\m04\entities\LightPoint.h">
      <Filter>SOURCE\M04\Entities</Filter>
    </ClInclude>
    <ClInclude Include="source\m04-editor\entities\UILightHandle.h">
      <Filter>SOURCE\M04-Editor\Entities</Filter>
    </ClInclude>
    <ClInclude Include="source\m04-editor\renderer\object\UILightHandleRenderer.h">
      <Filter>SOURCE\M04-Editor\Renderer\Object</Filter>
    </ClInclude>
    <ClInclude Include="source\m04\entities\PlayerLeyo.h">
      <Filter>SOURCE\M04\Entities</Filter>
    </ClInclude>
    <ClInclude Include="source\m04\scenes\sceneGameLuvPpl.h">
      <Filter>SOURCE\M04\Scenes</Filter>
    </ClInclude>
    <ClInclude Include="source\m04\entities\NpcBase.h">
      <Filter>SOURCE\M04\Entities</Filter>
    </ClInclude>
    <ClInclude Include="source\m04\entities\NpcPenni.h">
      <Filter>SOURCE\M04\Entities</Filter>
    </ClInclude>
    <ClInclude Include="source\m04\entities\TalkerBase.h">
      <Filter>SOURCE\M04\Entities</Filter>
    </ClInclude>
    <ClInclude Include="source\m04\entities\TalkerBox.h">
      <Filter>SOURCE\M04\Entities</Filter>
    </ClInclude>
  </ItemGroup>
  <ItemGroup>
    <ClCompile Include="source\m04\m04-common.cpp">
      <Filter>SOURCE\M04</Filter>
    </ClCompile>
    <ClCompile Include="source\m04\scenes\sceneTilesetTest.cpp">
      <Filter>SOURCE\M04\Scenes</Filter>
    </ClCompile>
    <ClCompile Include="source\m04-editor\standalone\MapEditor.cpp">
      <Filter>SOURCE\M04-Editor\Standalone</Filter>
    </ClCompile>
    <ClCompile Include="source\m04-editor\scenes\sceneEditorMain.cpp">
      <Filter>SOURCE\M04-Editor\Scenes</Filter>
    </ClCompile>
    <ClCompile Include="source\m04-editor\standalone\mapeditor\TileSelectorUI.cpp">
      <Filter>SOURCE\M04-Editor\Standalone\Mapeditor</Filter>
    </ClCompile>
    <ClCompile Include="source\m04-editor\standalone\mapeditor\TileSelector.cpp">
      <Filter>SOURCE\M04-Editor\Standalone\Mapeditor</Filter>
    </ClCompile>
    <ClCompile Include="source\m04\interfaces\MapIO.cpp">
      <Filter>SOURCE\M04\Interfaces</Filter>
    </ClCompile>
    <ClCompile Include="source\m04-editor\scenes\sceneDeveloperMenu.cpp">
      <Filter>SOURCE\M04-Editor\Scenes</Filter>
    </ClCompile>
    <ClCompile Include="source\m04-editor\standalone\DeveloperMenu.cpp">
      <Filter>SOURCE\M04-Editor\Standalone</Filter>
    </ClCompile>
    <ClCompile Include="source\m04-editor\renderer\object\AreaRenderer.cpp">
      <Filter>SOURCE\M04-Editor\Renderer\Object</Filter>
    </ClCompile>
    <ClCompile Include="source\m04-editor\entities\UIDragHandle.cpp">
      <Filter>SOURCE\M04-Editor\Entities</Filter>
    </ClCompile>
    <ClCompile Include="source\m04-editor\renderer\object\UIDragHandleRenderer.cpp">
      <Filter>SOURCE\M04-Editor\Renderer\Object</Filter>
    </ClCompile>
    <ClCompile Include="source\m04\entities\TestEntityBasic.cpp">
      <Filter>SOURCE\M04\Entities</Filter>
    </ClCompile>
    <ClCompile Include="source\m04-editor\standalone\mapeditor\ObjectEditorListing.cpp">
      <Filter>SOURCE\M04-Editor\Standalone\Mapeditor</Filter>
    </ClCompile>
    <ClCompile Include="source\m04-editor\standalone\mapeditor\EditorObject.cpp">
      <Filter>SOURCE\M04-Editor\Standalone\Mapeditor</Filter>
    </ClCompile>
    <ClCompile Include="source\m04-editor\renderer\object\GizmoRenderer.cpp">
      <Filter>SOURCE\M04-Editor\Renderer\Object</Filter>
    </ClCompile>
    <ClCompile Include="source\m04\entities\LightPoint.cpp">
      <Filter>SOURCE\M04\Entities</Filter>
    </ClCompile>
    <ClCompile Include="source\m04-editor\entities\UILightHandle.cpp">
      <Filter>SOURCE\M04-Editor\Entities</Filter>
    </ClCompile>
    <ClCompile Include="source\m04-editor\renderer\object\UILightHandleRenderer.cpp">
      <Filter>SOURCE\M04-Editor\Renderer\Object</Filter>
    </ClCompile>
    <ClCompile Include="source\m04\entities\PlayerLeyo.cpp">
      <Filter>SOURCE\M04\Entities</Filter>
    </ClCompile>
    <ClCompile Include="source\m04\scenes\sceneGameLuvPpl.cpp">
      <Filter>SOURCE\M04\Scenes</Filter>
    </ClCompile>
    <ClCompile Include="source\m04\entities\NpcBase.cpp">
      <Filter>SOURCE\M04\Entities</Filter>
    </ClCompile>
    <ClCompile Include="source\m04\entities\NpcPenni.cpp">
      <Filter>SOURCE\M04\Entities</Filter>
    </ClCompile>
    <ClCompile Include="source\m04\entities\TalkerBox.cpp">
      <Filter>SOURCE\M04\Entities</Filter>
    </ClCompile>
  </ItemGroup>
</Project>