
Microsoft Visual Studio Solution File, Format Version 12.00
# Visual Studio 14
VisualStudioVersion = 14.0.25420.1
MinimumVisualStudioVersion = 10.0.40219.1
Project("{8BC9CEB8-8B4A-11D0-8D11-00A0C91BC942}") = "Tool Suite", "oneGame\MToolSuite.vcxproj", "{410E2926-EC32-401C-A45B-DCBBB8342517}"
EndProject
Project("{8BC9CEB8-8B4A-11D0-8D11-00A0C91BC942}") = "oneCore", "oneGame\oneCore.vcxproj", "{55249828-4343-423D-91D7-C5F5765EB240}"
EndProject
Project("{8BC9CEB8-8B4A-11D0-8D11-00A0C91BC942}") = "oneAudio", "oneGame\oneAudio.vcxproj", "{6D8BA09C-513F-4030-8428-0D8797F7264C}"
EndProject
Project("{8BC9CEB8-8B4A-11D0-8D11-00A0C91BC942}") = "oneEngine", "oneGame\oneEngine.vcxproj", "{5CC6093B-CB43-4CDC-817A-002246731BC9}"
EndProject
Project("{8BC9CEB8-8B4A-11D0-8D11-00A0C91BC942}") = "onePhysical", "oneGame\onePhysical.vcxproj", "{4FDB8ACD-7078-4806-B6B0-04C5351F3F87}"
EndProject
Project("{8BC9CEB8-8B4A-11D0-8D11-00A0C91BC942}") = "oneRenderer", "oneGame\oneRenderer.vcxproj", "{C1BC5440-9CE1-4A7E-89DD-DCD57005426A}"
EndProject
Project("{8BC9CEB8-8B4A-11D0-8D11-00A0C91BC942}") = "oneEngineCommon", "oneGame\oneEngineCommon.vcxproj", "{32BC2667-0024-48A2-A1C4-F7F995E5EF9B}"
EndProject
Project("{8BC9CEB8-8B4A-11D0-8D11-00A0C91BC942}") = "oneCoreExt", "oneGame\oneCoreExt.vcxproj", "{3F16B475-B8C7-4E8A-9678-F368CD0DE5C3}"
EndProject
Project("{8BC9CEB8-8B4A-11D0-8D11-00A0C91BC942}") = "oneRenderer2DExt", "oneGame\oneRendererExt2D.vcxproj", "{38F71BD7-CA57-4E5D-87C7-6299B0E218EA}"
EndProject
Project("{8BC9CEB8-8B4A-11D0-8D11-00A0C91BC942}") = "oneEngineCommon2DExt", "oneGame\oneEngine2D.vcxproj", "{28A5770A-6C98-4CA8-B812-3596C58E621F}"
EndProject
Project("{8BC9CEB8-8B4A-11D0-8D11-00A0C91BC942}") = "Tool Suite Deployment", "oneGame\MToolSuiteDeploy.vcxproj", "{084AB1E3-647C-4670-B529-CABAD9ECB295}"
EndProject
Project("{2150E333-8FDC-42A3-9474-1A3956D46DE8}") = "1Engine", "1Engine", "{A43FD140-8C51-4B8B-A3FB-585023C75DC5}"
EndProject
Project("{2150E333-8FDC-42A3-9474-1A3956D46DE8}") = "Tool Suite", "Tool Suite", "{BCDF3097-E401-4B91-A574-7209F9687253}"
EndProject
Project("{2150E333-8FDC-42A3-9474-1A3956D46DE8}") = "DevTools", "DevTools", "{21ACDBBC-F133-461E-8BCE-77EC32D17926}"
EndProject
Project("{8BC9CEB8-8B4A-11D0-8D11-00A0C91BC942}") = "tool_oneConverter", "oneGame\tool_oneConverter.vcxproj", "{B681E210-BBDA-40DE-AEFB-3913F9041FCD}"
EndProject
Global
	GlobalSection(SolutionConfigurationPlatforms) = preSolution
		2D_Debug|Windows_x64 = 2D_Debug|Windows_x64
		2D_Debug|Windows_x86 = 2D_Debug|Windows_x86
		Debug|Windows_x64 = Debug|Windows_x64
		Debug|Windows_x86 = Debug|Windows_x86
		DebugClang|Windows_x64 = DebugClang|Windows_x64
		DebugClang|Windows_x86 = DebugClang|Windows_x86
		Optimized Release|Windows_x64 = Optimized Release|Windows_x64
		Optimized Release|Windows_x86 = Optimized Release|Windows_x86
		Unoptimized|Windows_x64 = Unoptimized|Windows_x64
		Unoptimized|Windows_x86 = Unoptimized|Windows_x86
	EndGlobalSection
	GlobalSection(ProjectConfigurationPlatforms) = postSolution
		{410E2926-EC32-401C-A45B-DCBBB8342517}.2D_Debug|Windows_x64.ActiveCfg = Debug|x64
		{410E2926-EC32-401C-A45B-DCBBB8342517}.2D_Debug|Windows_x64.Build.0 = Debug|x64
		{410E2926-EC32-401C-A45B-DCBBB8342517}.2D_Debug|Windows_x86.ActiveCfg = Debug|Win32
		{410E2926-EC32-401C-A45B-DCBBB8342517}.2D_Debug|Windows_x86.Build.0 = Debug|Win32
		{410E2926-EC32-401C-A45B-DCBBB8342517}.Debug|Windows_x64.ActiveCfg = Debug|x64
		{410E2926-EC32-401C-A45B-DCBBB8342517}.Debug|Windows_x86.ActiveCfg = Debug|Win32
		{410E2926-EC32-401C-A45B-DCBBB8342517}.Debug|Windows_x86.Build.0 = Debug|Win32
		{410E2926-EC32-401C-A45B-DCBBB8342517}.DebugClang|Windows_x64.ActiveCfg = Debug|x64
		{410E2926-EC32-401C-A45B-DCBBB8342517}.DebugClang|Windows_x86.ActiveCfg = DebugClang|Win32
		{410E2926-EC32-401C-A45B-DCBBB8342517}.DebugClang|Windows_x86.Build.0 = DebugClang|Win32
		{410E2926-EC32-401C-A45B-DCBBB8342517}.Optimized Release|Windows_x64.ActiveCfg = Unoptimized|x64
		{410E2926-EC32-401C-A45B-DCBBB8342517}.Optimized Release|Windows_x64.Build.0 = Unoptimized|x64
		{410E2926-EC32-401C-A45B-DCBBB8342517}.Optimized Release|Windows_x86.ActiveCfg = DebugClang|Win32
		{410E2926-EC32-401C-A45B-DCBBB8342517}.Optimized Release|Windows_x86.Build.0 = DebugClang|Win32
		{410E2926-EC32-401C-A45B-DCBBB8342517}.Unoptimized|Windows_x64.ActiveCfg = Unoptimized|x64
		{410E2926-EC32-401C-A45B-DCBBB8342517}.Unoptimized|Windows_x64.Build.0 = Unoptimized|x64
		{410E2926-EC32-401C-A45B-DCBBB8342517}.Unoptimized|Windows_x86.ActiveCfg = Unoptimized|Win32
		{410E2926-EC32-401C-A45B-DCBBB8342517}.Unoptimized|Windows_x86.Build.0 = Unoptimized|Win32
		{55249828-4343-423D-91D7-C5F5765EB240}.2D_Debug|Windows_x64.ActiveCfg = Debug|x64
		{55249828-4343-423D-91D7-C5F5765EB240}.2D_Debug|Windows_x64.Build.0 = Debug|x64
		{55249828-4343-423D-91D7-C5F5765EB240}.2D_Debug|Windows_x86.ActiveCfg = Debug|Win32
		{55249828-4343-423D-91D7-C5F5765EB240}.2D_Debug|Windows_x86.Build.0 = Debug|Win32
		{55249828-4343-423D-91D7-C5F5765EB240}.Debug|Windows_x64.ActiveCfg = Debug|x64
		{55249828-4343-423D-91D7-C5F5765EB240}.Debug|Windows_x64.Build.0 = Debug|x64
		{55249828-4343-423D-91D7-C5F5765EB240}.Debug|Windows_x86.ActiveCfg = Debug|Win32
		{55249828-4343-423D-91D7-C5F5765EB240}.Debug|Windows_x86.Build.0 = Debug|Win32
		{55249828-4343-423D-91D7-C5F5765EB240}.DebugClang|Windows_x64.ActiveCfg = DebugClang|x64
		{55249828-4343-423D-91D7-C5F5765EB240}.DebugClang|Windows_x64.Build.0 = DebugClang|x64
		{55249828-4343-423D-91D7-C5F5765EB240}.DebugClang|Windows_x86.ActiveCfg = DebugClang|Win32
		{55249828-4343-423D-91D7-C5F5765EB240}.DebugClang|Windows_x86.Build.0 = DebugClang|Win32
		{55249828-4343-423D-91D7-C5F5765EB240}.Optimized Release|Windows_x64.ActiveCfg = Unoptimized|x64
		{55249828-4343-423D-91D7-C5F5765EB240}.Optimized Release|Windows_x64.Build.0 = Unoptimized|x64
		{55249828-4343-423D-91D7-C5F5765EB240}.Optimized Release|Windows_x86.ActiveCfg = Unoptimized|Win32
		{55249828-4343-423D-91D7-C5F5765EB240}.Optimized Release|Windows_x86.Build.0 = Unoptimized|Win32
		{55249828-4343-423D-91D7-C5F5765EB240}.Unoptimized|Windows_x64.ActiveCfg = Unoptimized|x64
		{55249828-4343-423D-91D7-C5F5765EB240}.Unoptimized|Windows_x64.Build.0 = Unoptimized|x64
		{55249828-4343-423D-91D7-C5F5765EB240}.Unoptimized|Windows_x86.ActiveCfg = Unoptimized|Win32
		{55249828-4343-423D-91D7-C5F5765EB240}.Unoptimized|Windows_x86.Build.0 = Unoptimized|Win32
		{6D8BA09C-513F-4030-8428-0D8797F7264C}.2D_Debug|Windows_x64.ActiveCfg = Debug|x64
		{6D8BA09C-513F-4030-8428-0D8797F7264C}.2D_Debug|Windows_x64.Build.0 = Debug|x64
		{6D8BA09C-513F-4030-8428-0D8797F7264C}.2D_Debug|Windows_x86.ActiveCfg = Debug|Win32
		{6D8BA09C-513F-4030-8428-0D8797F7264C}.2D_Debug|Windows_x86.Build.0 = Debug|Win32
		{6D8BA09C-513F-4030-8428-0D8797F7264C}.Debug|Windows_x64.ActiveCfg = Debug|x64
		{6D8BA09C-513F-4030-8428-0D8797F7264C}.Debug|Windows_x64.Build.0 = Debug|x64
		{6D8BA09C-513F-4030-8428-0D8797F7264C}.Debug|Windows_x86.ActiveCfg = Debug|Win32
		{6D8BA09C-513F-4030-8428-0D8797F7264C}.Debug|Windows_x86.Build.0 = Debug|Win32
		{6D8BA09C-513F-4030-8428-0D8797F7264C}.DebugClang|Windows_x64.ActiveCfg = DebugClang|x64
		{6D8BA09C-513F-4030-8428-0D8797F7264C}.DebugClang|Windows_x64.Build.0 = DebugClang|x64
		{6D8BA09C-513F-4030-8428-0D8797F7264C}.DebugClang|Windows_x86.ActiveCfg = DebugClang|Win32
		{6D8BA09C-513F-4030-8428-0D8797F7264C}.DebugClang|Windows_x86.Build.0 = DebugClang|Win32
		{6D8BA09C-513F-4030-8428-0D8797F7264C}.Optimized Release|Windows_x64.ActiveCfg = Unoptimized|x64
		{6D8BA09C-513F-4030-8428-0D8797F7264C}.Optimized Release|Windows_x64.Build.0 = Unoptimized|x64
		{6D8BA09C-513F-4030-8428-0D8797F7264C}.Optimized Release|Windows_x86.ActiveCfg = Unoptimized|Win32
		{6D8BA09C-513F-4030-8428-0D8797F7264C}.Optimized Release|Windows_x86.Build.0 = Unoptimized|Win32
		{6D8BA09C-513F-4030-8428-0D8797F7264C}.Unoptimized|Windows_x64.ActiveCfg = Unoptimized|x64
		{6D8BA09C-513F-4030-8428-0D8797F7264C}.Unoptimized|Windows_x64.Build.0 = Unoptimized|x64
		{6D8BA09C-513F-4030-8428-0D8797F7264C}.Unoptimized|Windows_x86.ActiveCfg = Unoptimized|Win32
		{6D8BA09C-513F-4030-8428-0D8797F7264C}.Unoptimized|Windows_x86.Build.0 = Unoptimized|Win32
		{5CC6093B-CB43-4CDC-817A-002246731BC9}.2D_Debug|Windows_x64.ActiveCfg = Debug|x64
		{5CC6093B-CB43-4CDC-817A-002246731BC9}.2D_Debug|Windows_x64.Build.0 = Debug|x64
		{5CC6093B-CB43-4CDC-817A-002246731BC9}.2D_Debug|Windows_x86.ActiveCfg = Debug|Win32
		{5CC6093B-CB43-4CDC-817A-002246731BC9}.2D_Debug|Windows_x86.Build.0 = Debug|Win32
		{5CC6093B-CB43-4CDC-817A-002246731BC9}.Debug|Windows_x64.ActiveCfg = Debug|x64
		{5CC6093B-CB43-4CDC-817A-002246731BC9}.Debug|Windows_x86.ActiveCfg = Debug|Win32
		{5CC6093B-CB43-4CDC-817A-002246731BC9}.Debug|Windows_x86.Build.0 = Debug|Win32
		{5CC6093B-CB43-4CDC-817A-002246731BC9}.DebugClang|Windows_x64.ActiveCfg = Debug|x64
		{5CC6093B-CB43-4CDC-817A-002246731BC9}.DebugClang|Windows_x86.ActiveCfg = DebugClang|Win32
		{5CC6093B-CB43-4CDC-817A-002246731BC9}.DebugClang|Windows_x86.Build.0 = DebugClang|Win32
		{5CC6093B-CB43-4CDC-817A-002246731BC9}.Optimized Release|Windows_x64.ActiveCfg = Unoptimized|x64
		{5CC6093B-CB43-4CDC-817A-002246731BC9}.Optimized Release|Windows_x64.Build.0 = Unoptimized|x64
		{5CC6093B-CB43-4CDC-817A-002246731BC9}.Optimized Release|Windows_x86.ActiveCfg = Unoptimized|Win32
		{5CC6093B-CB43-4CDC-817A-002246731BC9}.Optimized Release|Windows_x86.Build.0 = Unoptimized|Win32
		{5CC6093B-CB43-4CDC-817A-002246731BC9}.Unoptimized|Windows_x64.ActiveCfg = Unoptimized|x64
		{5CC6093B-CB43-4CDC-817A-002246731BC9}.Unoptimized|Windows_x64.Build.0 = Unoptimized|x64
		{5CC6093B-CB43-4CDC-817A-002246731BC9}.Unoptimized|Windows_x86.ActiveCfg = Unoptimized|Win32
		{5CC6093B-CB43-4CDC-817A-002246731BC9}.Unoptimized|Windows_x86.Build.0 = Unoptimized|Win32
		{4FDB8ACD-7078-4806-B6B0-04C5351F3F87}.2D_Debug|Windows_x64.ActiveCfg = Debug|x64
		{4FDB8ACD-7078-4806-B6B0-04C5351F3F87}.2D_Debug|Windows_x64.Build.0 = Debug|x64
		{4FDB8ACD-7078-4806-B6B0-04C5351F3F87}.2D_Debug|Windows_x86.ActiveCfg = Debug|Win32
		{4FDB8ACD-7078-4806-B6B0-04C5351F3F87}.2D_Debug|Windows_x86.Build.0 = Debug|Win32
		{4FDB8ACD-7078-4806-B6B0-04C5351F3F87}.Debug|Windows_x64.ActiveCfg = Debug|x64
		{4FDB8ACD-7078-4806-B6B0-04C5351F3F87}.Debug|Windows_x64.Build.0 = Debug|x64
		{4FDB8ACD-7078-4806-B6B0-04C5351F3F87}.Debug|Windows_x86.ActiveCfg = Debug|Win32
		{4FDB8ACD-7078-4806-B6B0-04C5351F3F87}.Debug|Windows_x86.Build.0 = Debug|Win32
		{4FDB8ACD-7078-4806-B6B0-04C5351F3F87}.DebugClang|Windows_x64.ActiveCfg = DebugClang|x64
		{4FDB8ACD-7078-4806-B6B0-04C5351F3F87}.DebugClang|Windows_x64.Build.0 = DebugClang|x64
		{4FDB8ACD-7078-4806-B6B0-04C5351F3F87}.DebugClang|Windows_x86.ActiveCfg = DebugClang|Win32
		{4FDB8ACD-7078-4806-B6B0-04C5351F3F87}.DebugClang|Windows_x86.Build.0 = DebugClang|Win32
		{4FDB8ACD-7078-4806-B6B0-04C5351F3F87}.Optimized Release|Windows_x64.ActiveCfg = Unoptimized|x64
		{4FDB8ACD-7078-4806-B6B0-04C5351F3F87}.Optimized Release|Windows_x64.Build.0 = Unoptimized|x64
		{4FDB8ACD-7078-4806-B6B0-04C5351F3F87}.Optimized Release|Windows_x86.ActiveCfg = Unoptimized|Win32
		{4FDB8ACD-7078-4806-B6B0-04C5351F3F87}.Optimized Release|Windows_x86.Build.0 = Unoptimized|Win32
		{4FDB8ACD-7078-4806-B6B0-04C5351F3F87}.Unoptimized|Windows_x64.ActiveCfg = Unoptimized|x64
		{4FDB8ACD-7078-4806-B6B0-04C5351F3F87}.Unoptimized|Windows_x64.Build.0 = Unoptimized|x64
		{4FDB8ACD-7078-4806-B6B0-04C5351F3F87}.Unoptimized|Windows_x86.ActiveCfg = Unoptimized|Win32
		{4FDB8ACD-7078-4806-B6B0-04C5351F3F87}.Unoptimized|Windows_x86.Build.0 = Unoptimized|Win32
		{C1BC5440-9CE1-4A7E-89DD-DCD57005426A}.2D_Debug|Windows_x64.ActiveCfg = Debug|x64
		{C1BC5440-9CE1-4A7E-89DD-DCD57005426A}.2D_Debug|Windows_x64.Build.0 = Debug|x64
		{C1BC5440-9CE1-4A7E-89DD-DCD57005426A}.2D_Debug|Windows_x86.ActiveCfg = Debug|Win32
		{C1BC5440-9CE1-4A7E-89DD-DCD57005426A}.2D_Debug|Windows_x86.Build.0 = Debug|Win32
		{C1BC5440-9CE1-4A7E-89DD-DCD57005426A}.Debug|Windows_x64.ActiveCfg = Debug|x64
		{C1BC5440-9CE1-4A7E-89DD-DCD57005426A}.Debug|Windows_x86.ActiveCfg = Debug|Win32
		{C1BC5440-9CE1-4A7E-89DD-DCD57005426A}.Debug|Windows_x86.Build.0 = Debug|Win32
		{C1BC5440-9CE1-4A7E-89DD-DCD57005426A}.DebugClang|Windows_x64.ActiveCfg = Debug|x64
		{C1BC5440-9CE1-4A7E-89DD-DCD57005426A}.DebugClang|Windows_x86.ActiveCfg = DebugClang|Win32
		{C1BC5440-9CE1-4A7E-89DD-DCD57005426A}.DebugClang|Windows_x86.Build.0 = DebugClang|Win32
		{C1BC5440-9CE1-4A7E-89DD-DCD57005426A}.Optimized Release|Windows_x64.ActiveCfg = Unoptimized|x64
		{C1BC5440-9CE1-4A7E-89DD-DCD57005426A}.Optimized Release|Windows_x64.Build.0 = Unoptimized|x64
		{C1BC5440-9CE1-4A7E-89DD-DCD57005426A}.Optimized Release|Windows_x86.ActiveCfg = Unoptimized|Win32
		{C1BC5440-9CE1-4A7E-89DD-DCD57005426A}.Optimized Release|Windows_x86.Build.0 = Unoptimized|Win32
		{C1BC5440-9CE1-4A7E-89DD-DCD57005426A}.Unoptimized|Windows_x64.ActiveCfg = Unoptimized|x64
		{C1BC5440-9CE1-4A7E-89DD-DCD57005426A}.Unoptimized|Windows_x64.Build.0 = Unoptimized|x64
		{C1BC5440-9CE1-4A7E-89DD-DCD57005426A}.Unoptimized|Windows_x86.ActiveCfg = Unoptimized|Win32
		{C1BC5440-9CE1-4A7E-89DD-DCD57005426A}.Unoptimized|Windows_x86.Build.0 = Unoptimized|Win32
		{32BC2667-0024-48A2-A1C4-F7F995E5EF9B}.2D_Debug|Windows_x64.ActiveCfg = Debug|x64
		{32BC2667-0024-48A2-A1C4-F7F995E5EF9B}.2D_Debug|Windows_x64.Build.0 = Debug|x64
		{32BC2667-0024-48A2-A1C4-F7F995E5EF9B}.2D_Debug|Windows_x86.ActiveCfg = Debug|Win32
		{32BC2667-0024-48A2-A1C4-F7F995E5EF9B}.2D_Debug|Windows_x86.Build.0 = Debug|Win32
		{32BC2667-0024-48A2-A1C4-F7F995E5EF9B}.Debug|Windows_x64.ActiveCfg = Debug|x64
		{32BC2667-0024-48A2-A1C4-F7F995E5EF9B}.Debug|Windows_x86.ActiveCfg = Debug|Win32
		{32BC2667-0024-48A2-A1C4-F7F995E5EF9B}.Debug|Windows_x86.Build.0 = Debug|Win32
		{32BC2667-0024-48A2-A1C4-F7F995E5EF9B}.DebugClang|Windows_x64.ActiveCfg = Debug|x64
		{32BC2667-0024-48A2-A1C4-F7F995E5EF9B}.DebugClang|Windows_x86.ActiveCfg = DebugClang|Win32
		{32BC2667-0024-48A2-A1C4-F7F995E5EF9B}.DebugClang|Windows_x86.Build.0 = DebugClang|Win32
		{32BC2667-0024-48A2-A1C4-F7F995E5EF9B}.Optimized Release|Windows_x64.ActiveCfg = Unoptimized|x64
		{32BC2667-0024-48A2-A1C4-F7F995E5EF9B}.Optimized Release|Windows_x64.Build.0 = Unoptimized|x64
		{32BC2667-0024-48A2-A1C4-F7F995E5EF9B}.Optimized Release|Windows_x86.ActiveCfg = Unoptimized|Win32
		{32BC2667-0024-48A2-A1C4-F7F995E5EF9B}.Optimized Release|Windows_x86.Build.0 = Unoptimized|Win32
		{32BC2667-0024-48A2-A1C4-F7F995E5EF9B}.Unoptimized|Windows_x64.ActiveCfg = Unoptimized|x64
		{32BC2667-0024-48A2-A1C4-F7F995E5EF9B}.Unoptimized|Windows_x64.Build.0 = Unoptimized|x64
		{32BC2667-0024-48A2-A1C4-F7F995E5EF9B}.Unoptimized|Windows_x86.ActiveCfg = Unoptimized|Win32
		{32BC2667-0024-48A2-A1C4-F7F995E5EF9B}.Unoptimized|Windows_x86.Build.0 = Unoptimized|Win32
		{3F16B475-B8C7-4E8A-9678-F368CD0DE5C3}.2D_Debug|Windows_x64.ActiveCfg = Debug|x64
		{3F16B475-B8C7-4E8A-9678-F368CD0DE5C3}.2D_Debug|Windows_x64.Build.0 = Debug|x64
		{3F16B475-B8C7-4E8A-9678-F368CD0DE5C3}.2D_Debug|Windows_x86.ActiveCfg = Debug|Win32
		{3F16B475-B8C7-4E8A-9678-F368CD0DE5C3}.2D_Debug|Windows_x86.Build.0 = Debug|Win32
		{3F16B475-B8C7-4E8A-9678-F368CD0DE5C3}.Debug|Windows_x64.ActiveCfg = Debug|x64
		{3F16B475-B8C7-4E8A-9678-F368CD0DE5C3}.Debug|Windows_x64.Build.0 = Debug|x64
		{3F16B475-B8C7-4E8A-9678-F368CD0DE5C3}.Debug|Windows_x86.ActiveCfg = Debug|Win32
		{3F16B475-B8C7-4E8A-9678-F368CD0DE5C3}.Debug|Windows_x86.Build.0 = Debug|Win32
		{3F16B475-B8C7-4E8A-9678-F368CD0DE5C3}.DebugClang|Windows_x64.ActiveCfg = DebugClang|x64
		{3F16B475-B8C7-4E8A-9678-F368CD0DE5C3}.DebugClang|Windows_x64.Build.0 = DebugClang|x64
		{3F16B475-B8C7-4E8A-9678-F368CD0DE5C3}.DebugClang|Windows_x86.ActiveCfg = DebugClang|Win32
		{3F16B475-B8C7-4E8A-9678-F368CD0DE5C3}.DebugClang|Windows_x86.Build.0 = DebugClang|Win32
		{3F16B475-B8C7-4E8A-9678-F368CD0DE5C3}.Optimized Release|Windows_x64.ActiveCfg = Unoptimized|x64
		{3F16B475-B8C7-4E8A-9678-F368CD0DE5C3}.Optimized Release|Windows_x64.Build.0 = Unoptimized|x64
		{3F16B475-B8C7-4E8A-9678-F368CD0DE5C3}.Optimized Release|Windows_x86.ActiveCfg = Unoptimized|Win32
		{3F16B475-B8C7-4E8A-9678-F368CD0DE5C3}.Optimized Release|Windows_x86.Build.0 = Unoptimized|Win32
		{3F16B475-B8C7-4E8A-9678-F368CD0DE5C3}.Unoptimized|Windows_x64.ActiveCfg = Unoptimized|x64
		{3F16B475-B8C7-4E8A-9678-F368CD0DE5C3}.Unoptimized|Windows_x64.Build.0 = Unoptimized|x64
		{3F16B475-B8C7-4E8A-9678-F368CD0DE5C3}.Unoptimized|Windows_x86.ActiveCfg = Unoptimized|Win32
		{3F16B475-B8C7-4E8A-9678-F368CD0DE5C3}.Unoptimized|Windows_x86.Build.0 = Unoptimized|Win32
		{38F71BD7-CA57-4E5D-87C7-6299B0E218EA}.2D_Debug|Windows_x64.ActiveCfg = Debug|x64
		{38F71BD7-CA57-4E5D-87C7-6299B0E218EA}.2D_Debug|Windows_x64.Build.0 = Debug|x64
		{38F71BD7-CA57-4E5D-87C7-6299B0E218EA}.2D_Debug|Windows_x86.ActiveCfg = Debug|Win32
		{38F71BD7-CA57-4E5D-87C7-6299B0E218EA}.2D_Debug|Windows_x86.Build.0 = Debug|Win32
		{38F71BD7-CA57-4E5D-87C7-6299B0E218EA}.Debug|Windows_x64.ActiveCfg = Debug|x64
		{38F71BD7-CA57-4E5D-87C7-6299B0E218EA}.Debug|Windows_x86.ActiveCfg = Debug|Win32
		{38F71BD7-CA57-4E5D-87C7-6299B0E218EA}.DebugClang|Windows_x64.ActiveCfg = Debug|x64
		{38F71BD7-CA57-4E5D-87C7-6299B0E218EA}.DebugClang|Windows_x86.ActiveCfg = DebugClang|Win32
		{38F71BD7-CA57-4E5D-87C7-6299B0E218EA}.DebugClang|Windows_x86.Build.0 = DebugClang|Win32
		{38F71BD7-CA57-4E5D-87C7-6299B0E218EA}.Optimized Release|Windows_x64.ActiveCfg = Unoptimized|x64
		{38F71BD7-CA57-4E5D-87C7-6299B0E218EA}.Optimized Release|Windows_x64.Build.0 = Unoptimized|x64
		{38F71BD7-CA57-4E5D-87C7-6299B0E218EA}.Optimized Release|Windows_x86.ActiveCfg = Unoptimized|Win32
		{38F71BD7-CA57-4E5D-87C7-6299B0E218EA}.Unoptimized|Windows_x64.ActiveCfg = Unoptimized|x64
		{38F71BD7-CA57-4E5D-87C7-6299B0E218EA}.Unoptimized|Windows_x64.Build.0 = Unoptimized|x64
		{38F71BD7-CA57-4E5D-87C7-6299B0E218EA}.Unoptimized|Windows_x86.ActiveCfg = Unoptimized|Win32
		{28A5770A-6C98-4CA8-B812-3596C58E621F}.2D_Debug|Windows_x64.ActiveCfg = Debug|x64
		{28A5770A-6C98-4CA8-B812-3596C58E621F}.2D_Debug|Windows_x64.Build.0 = Debug|x64
		{28A5770A-6C98-4CA8-B812-3596C58E621F}.2D_Debug|Windows_x86.ActiveCfg = Debug|Win32
		{28A5770A-6C98-4CA8-B812-3596C58E621F}.2D_Debug|Windows_x86.Build.0 = Debug|Win32
		{28A5770A-6C98-4CA8-B812-3596C58E621F}.Debug|Windows_x64.ActiveCfg = Debug|x64
		{28A5770A-6C98-4CA8-B812-3596C58E621F}.Debug|Windows_x86.ActiveCfg = Debug|Win32
		{28A5770A-6C98-4CA8-B812-3596C58E621F}.Debug|Windows_x86.Build.0 = Debug|Win32
		{28A5770A-6C98-4CA8-B812-3596C58E621F}.DebugClang|Windows_x64.ActiveCfg = Debug|x64
		{28A5770A-6C98-4CA8-B812-3596C58E621F}.DebugClang|Windows_x86.ActiveCfg = DebugClang|Win32
		{28A5770A-6C98-4CA8-B812-3596C58E621F}.DebugClang|Windows_x86.Build.0 = DebugClang|Win32
		{28A5770A-6C98-4CA8-B812-3596C58E621F}.Optimized Release|Windows_x64.ActiveCfg = Unoptimized|x64
		{28A5770A-6C98-4CA8-B812-3596C58E621F}.Optimized Release|Windows_x64.Build.0 = Unoptimized|x64
		{28A5770A-6C98-4CA8-B812-3596C58E621F}.Optimized Release|Windows_x86.ActiveCfg = Unoptimized|Win32
		{28A5770A-6C98-4CA8-B812-3596C58E621F}.Unoptimized|Windows_x64.ActiveCfg = Unoptimized|x64
		{28A5770A-6C98-4CA8-B812-3596C58E621F}.Unoptimized|Windows_x64.Build.0 = Unoptimized|x64
		{28A5770A-6C98-4CA8-B812-3596C58E621F}.Unoptimized|Windows_x86.ActiveCfg = Unoptimized|Win32
		{084AB1E3-647C-4670-B529-CABAD9ECB295}.2D_Debug|Windows_x64.ActiveCfg = Debug|x64
		{084AB1E3-647C-4670-B529-CABAD9ECB295}.2D_Debug|Windows_x64.Build.0 = Debug|x64
		{084AB1E3-647C-4670-B529-CABAD9ECB295}.2D_Debug|Windows_x86.ActiveCfg = Debug|Win32
		{084AB1E3-647C-4670-B529-CABAD9ECB295}.2D_Debug|Windows_x86.Build.0 = Debug|Win32
		{084AB1E3-647C-4670-B529-CABAD9ECB295}.Debug|Windows_x64.ActiveCfg = Debug|x64
		{084AB1E3-647C-4670-B529-CABAD9ECB295}.Debug|Windows_x86.ActiveCfg = Debug|Win32
		{084AB1E3-647C-4670-B529-CABAD9ECB295}.Debug|Windows_x86.Build.0 = Debug|Win32
		{084AB1E3-647C-4670-B529-CABAD9ECB295}.DebugClang|Windows_x64.ActiveCfg = Debug|x64
		{084AB1E3-647C-4670-B529-CABAD9ECB295}.DebugClang|Windows_x86.ActiveCfg = DebugClang|Win32
		{084AB1E3-647C-4670-B529-CABAD9ECB295}.DebugClang|Windows_x86.Build.0 = DebugClang|Win32
		{084AB1E3-647C-4670-B529-CABAD9ECB295}.Optimized Release|Windows_x64.ActiveCfg = Unoptimized|x64
		{084AB1E3-647C-4670-B529-CABAD9ECB295}.Optimized Release|Windows_x64.Build.0 = Unoptimized|x64
		{084AB1E3-647C-4670-B529-CABAD9ECB295}.Optimized Release|Windows_x86.ActiveCfg = Unoptimized|Win32
		{084AB1E3-647C-4670-B529-CABAD9ECB295}.Optimized Release|Windows_x86.Build.0 = Unoptimized|Win32
		{084AB1E3-647C-4670-B529-CABAD9ECB295}.Unoptimized|Windows_x64.ActiveCfg = Unoptimized|x64
		{084AB1E3-647C-4670-B529-CABAD9ECB295}.Unoptimized|Windows_x64.Build.0 = Unoptimized|x64
		{084AB1E3-647C-4670-B529-CABAD9ECB295}.Unoptimized|Windows_x86.ActiveCfg = Unoptimized|Win32
		{084AB1E3-647C-4670-B529-CABAD9ECB295}.Unoptimized|Windows_x86.Build.0 = Unoptimized|Win32
		{B681E210-BBDA-40DE-AEFB-3913F9041FCD}.2D_Debug|Windows_x64.ActiveCfg = Debug|x64
		{B681E210-BBDA-40DE-AEFB-3913F9041FCD}.2D_Debug|Windows_x64.Build.0 = Debug|x64
		{B681E210-BBDA-40DE-AEFB-3913F9041FCD}.2D_Debug|Windows_x86.ActiveCfg = Unoptimized|Win32
		{B681E210-BBDA-40DE-AEFB-3913F9041FCD}.2D_Debug|Windows_x86.Build.0 = Unoptimized|Win32
		{B681E210-BBDA-40DE-AEFB-3913F9041FCD}.Debug|Windows_x64.ActiveCfg = Debug|x64
		{B681E210-BBDA-40DE-AEFB-3913F9041FCD}.Debug|Windows_x64.Build.0 = Debug|x64
		{B681E210-BBDA-40DE-AEFB-3913F9041FCD}.Debug|Windows_x86.ActiveCfg = Debug|Win32
		{B681E210-BBDA-40DE-AEFB-3913F9041FCD}.Debug|Windows_x86.Build.0 = Debug|Win32
		{B681E210-BBDA-40DE-AEFB-3913F9041FCD}.DebugClang|Windows_x64.ActiveCfg = DebugClang|x64
		{B681E210-BBDA-40DE-AEFB-3913F9041FCD}.DebugClang|Windows_x64.Build.0 = DebugClang|x64
		{B681E210-BBDA-40DE-AEFB-3913F9041FCD}.DebugClang|Windows_x86.ActiveCfg = DebugClang|Win32
		{B681E210-BBDA-40DE-AEFB-3913F9041FCD}.DebugClang|Windows_x86.Build.0 = DebugClang|Win32
		{B681E210-BBDA-40DE-AEFB-3913F9041FCD}.Optimized Release|Windows_x64.ActiveCfg = Unoptimized|x64
		{B681E210-BBDA-40DE-AEFB-3913F9041FCD}.Optimized Release|Windows_x64.Build.0 = Unoptimized|x64
		{B681E210-BBDA-40DE-AEFB-3913F9041FCD}.Optimized Release|Windows_x86.ActiveCfg = Unoptimized|Win32
		{B681E210-BBDA-40DE-AEFB-3913F9041FCD}.Optimized Release|Windows_x86.Build.0 = Unoptimized|Win32
		{B681E210-BBDA-40DE-AEFB-3913F9041FCD}.Unoptimized|Windows_x64.ActiveCfg = Unoptimized|x64
		{B681E210-BBDA-40DE-AEFB-3913F9041FCD}.Unoptimized|Windows_x64.Build.0 = Unoptimized|x64
		{B681E210-BBDA-40DE-AEFB-3913F9041FCD}.Unoptimized|Windows_x86.ActiveCfg = Unoptimized|Win32
	EndGlobalSection
	GlobalSection(SolutionProperties) = preSolution
		HideSolutionNode = FALSE
	EndGlobalSection
	GlobalSection(NestedProjects) = preSolution
		{410E2926-EC32-401C-A45B-DCBBB8342517} = {BCDF3097-E401-4B91-A574-7209F9687253}
		{55249828-4343-423D-91D7-C5F5765EB240} = {A43FD140-8C51-4B8B-A3FB-585023C75DC5}
		{6D8BA09C-513F-4030-8428-0D8797F7264C} = {A43FD140-8C51-4B8B-A3FB-585023C75DC5}
		{5CC6093B-CB43-4CDC-817A-002246731BC9} = {A43FD140-8C51-4B8B-A3FB-585023C75DC5}
		{4FDB8ACD-7078-4806-B6B0-04C5351F3F87} = {A43FD140-8C51-4B8B-A3FB-585023C75DC5}
		{C1BC5440-9CE1-4A7E-89DD-DCD57005426A} = {A43FD140-8C51-4B8B-A3FB-585023C75DC5}
		{32BC2667-0024-48A2-A1C4-F7F995E5EF9B} = {A43FD140-8C51-4B8B-A3FB-585023C75DC5}
		{3F16B475-B8C7-4E8A-9678-F368CD0DE5C3} = {A43FD140-8C51-4B8B-A3FB-585023C75DC5}
		{38F71BD7-CA57-4E5D-87C7-6299B0E218EA} = {A43FD140-8C51-4B8B-A3FB-585023C75DC5}
		{28A5770A-6C98-4CA8-B812-3596C58E621F} = {A43FD140-8C51-4B8B-A3FB-585023C75DC5}
		{084AB1E3-647C-4670-B529-CABAD9ECB295} = {BCDF3097-E401-4B91-A574-7209F9687253}
		{B681E210-BBDA-40DE-AEFB-3913F9041FCD} = {21ACDBBC-F133-461E-8BCE-77EC32D17926}
	EndGlobalSection
EndGlobal
