
Microsoft Visual Studio Solution File, Format Version 12.00
# Visual Studio 14
VisualStudioVersion = 14.0.25420.1
MinimumVisualStudioVersion = 10.0.40219.1
Project("{8BC9CEB8-8B4A-11D0-8D11-00A0C91BC942}") = "M04 Game", "oneGame\M04game.vcxproj", "{410E2926-EC32-401C-A45B-DCBBB8342517}"
EndProject
Project("{8BC9CEB8-8B4A-11D0-8D11-00A0C91BC942}") = "oneCore", "oneGame\oneCore.vcxproj", "{55249828-4343-423D-91D7-C5F5765EB240}"
EndProject
Project("{8BC9CEB8-8B4A-11D0-8D11-00A0C91BC942}") = "test_oneCore", "oneGame\test_oneCore.vcxproj", "{17D36E91-579B-4BD9-9309-F65AAC7007D7}"
	ProjectSection(ProjectDependencies) = postProject
		{3F16B475-B8C7-4E8A-9678-F368CD0DE5C3} = {3F16B475-B8C7-4E8A-9678-F368CD0DE5C3}
	EndProjectSection
EndProject
Project("{8BC9CEB8-8B4A-11D0-8D11-00A0C91BC942}") = "oneAudio", "oneGame\oneAudio.vcxproj", "{6D8BA09C-513F-4030-8428-0D8797F7264C}"
	ProjectSection(ProjectDependencies) = postProject
		{B681E210-BBDA-40DE-AEFB-3913F9041FCD} = {B681E210-BBDA-40DE-AEFB-3913F9041FCD}
	EndProjectSection
EndProject
Project("{8BC9CEB8-8B4A-11D0-8D11-00A0C91BC942}") = "test_oneAudio", "oneGame\test_oneAudio.vcxproj", "{F630F5A9-217B-40E5-9557-6227163544C9}"
	ProjectSection(ProjectDependencies) = postProject
		{3F16B475-B8C7-4E8A-9678-F368CD0DE5C3} = {3F16B475-B8C7-4E8A-9678-F368CD0DE5C3}
	EndProjectSection
EndProject
Project("{8BC9CEB8-8B4A-11D0-8D11-00A0C91BC942}") = "oneEngine", "oneGame\oneEngine.vcxproj", "{5CC6093B-CB43-4CDC-817A-002246731BC9}"
	ProjectSection(ProjectDependencies) = postProject
		{B681E210-BBDA-40DE-AEFB-3913F9041FCD} = {B681E210-BBDA-40DE-AEFB-3913F9041FCD}
	EndProjectSection
EndProject
Project("{8BC9CEB8-8B4A-11D0-8D11-00A0C91BC942}") = "onePhysical", "oneGame\onePhysical.vcxproj", "{4FDB8ACD-7078-4806-B6B0-04C5351F3F87}"
EndProject
Project("{8BC9CEB8-8B4A-11D0-8D11-00A0C91BC942}") = "oneRenderer", "oneGame\oneRenderer.vcxproj", "{C1BC5440-9CE1-4A7E-89DD-DCD57005426A}"
	ProjectSection(ProjectDependencies) = postProject
		{B681E210-BBDA-40DE-AEFB-3913F9041FCD} = {B681E210-BBDA-40DE-AEFB-3913F9041FCD}
	EndProjectSection
EndProject
Project("{8BC9CEB8-8B4A-11D0-8D11-00A0C91BC942}") = "oneEngineCommon", "oneGame\oneEngineCommon.vcxproj", "{32BC2667-0024-48A2-A1C4-F7F995E5EF9B}"
EndProject
Project("{8BC9CEB8-8B4A-11D0-8D11-00A0C91BC942}") = "test_oneEngineCore", "oneGame\test_oneEngineCore.vcxproj", "{4692E5CF-9EBE-4127-8A81-A283E9F7005F}"
	ProjectSection(ProjectDependencies) = postProject
		{55249828-4343-423D-91D7-C5F5765EB240} = {55249828-4343-423D-91D7-C5F5765EB240}
		{5CC6093B-CB43-4CDC-817A-002246731BC9} = {5CC6093B-CB43-4CDC-817A-002246731BC9}
		{C1BC5440-9CE1-4A7E-89DD-DCD57005426A} = {C1BC5440-9CE1-4A7E-89DD-DCD57005426A}
		{3F16B475-B8C7-4E8A-9678-F368CD0DE5C3} = {3F16B475-B8C7-4E8A-9678-F368CD0DE5C3}
		{6D8BA09C-513F-4030-8428-0D8797F7264C} = {6D8BA09C-513F-4030-8428-0D8797F7264C}
		{4FDB8ACD-7078-4806-B6B0-04C5351F3F87} = {4FDB8ACD-7078-4806-B6B0-04C5351F3F87}
	EndProjectSection
EndProject
Project("{8BC9CEB8-8B4A-11D0-8D11-00A0C91BC942}") = "oneCoreExt", "oneGame\oneCoreExt.vcxproj", "{3F16B475-B8C7-4E8A-9678-F368CD0DE5C3}"
EndProject
Project("{8BC9CEB8-8B4A-11D0-8D11-00A0C91BC942}") = "test_oneEngineCommon", "oneGame\test_oneEngineCommon.vcxproj", "{F7A35433-2C8A-487F-B021-C7AD4F20671C}"
	ProjectSection(ProjectDependencies) = postProject
		{55249828-4343-423D-91D7-C5F5765EB240} = {55249828-4343-423D-91D7-C5F5765EB240}
		{5CC6093B-CB43-4CDC-817A-002246731BC9} = {5CC6093B-CB43-4CDC-817A-002246731BC9}
		{C1BC5440-9CE1-4A7E-89DD-DCD57005426A} = {C1BC5440-9CE1-4A7E-89DD-DCD57005426A}
		{32BC2667-0024-48A2-A1C4-F7F995E5EF9B} = {32BC2667-0024-48A2-A1C4-F7F995E5EF9B}
		{3F16B475-B8C7-4E8A-9678-F368CD0DE5C3} = {3F16B475-B8C7-4E8A-9678-F368CD0DE5C3}
		{6D8BA09C-513F-4030-8428-0D8797F7264C} = {6D8BA09C-513F-4030-8428-0D8797F7264C}
		{4FDB8ACD-7078-4806-B6B0-04C5351F3F87} = {4FDB8ACD-7078-4806-B6B0-04C5351F3F87}
	EndProjectSection
EndProject
Project("{8BC9CEB8-8B4A-11D0-8D11-00A0C91BC942}") = "oneRenderer2DExt", "oneGame\oneRendererExt2D.vcxproj", "{38F71BD7-CA57-4E5D-87C7-6299B0E218EA}"
EndProject
Project("{8BC9CEB8-8B4A-11D0-8D11-00A0C91BC942}") = "oneEngineCommon2DExt", "oneGame\oneEngine2D.vcxproj", "{28A5770A-6C98-4CA8-B812-3596C58E621F}"
EndProject
Project("{8BC9CEB8-8B4A-11D0-8D11-00A0C91BC942}") = "M04 Deployment", "oneGame\M04deploy.vcxproj", "{084AB1E3-647C-4670-B529-CABAD9ECB295}"
EndProject
Project("{2150E333-8FDC-42A3-9474-1A3956D46DE8}") = "1Engine", "1Engine", "{A43FD140-8C51-4B8B-A3FB-585023C75DC5}"
EndProject
Project("{2150E333-8FDC-42A3-9474-1A3956D46DE8}") = "Game", "Game", "{BCDF3097-E401-4B91-A574-7209F9687253}"
EndProject
Project("{2150E333-8FDC-42A3-9474-1A3956D46DE8}") = "Tests", "Tests", "{8517943E-EF55-4391-AC04-A37EF2143FBF}"
EndProject
Project("{2150E333-8FDC-42A3-9474-1A3956D46DE8}") = "DevTools", "DevTools", "{FC37B1E5-F178-4C5C-8251-E6F577B71F98}"
EndProject
Project("{8BC9CEB8-8B4A-11D0-8D11-00A0C91BC942}") = "tool_oneConverter", "oneGame\tool_oneConverter.vcxproj", "{B681E210-BBDA-40DE-AEFB-3913F9041FCD}"
	ProjectSection(ProjectDependencies) = postProject
		{93C4ECB5-1BCA-4467-81B6-521AF7EA6FEB} = {93C4ECB5-1BCA-4467-81B6-521AF7EA6FEB}
	EndProjectSection
EndProject
Project("{8BC9CEB8-8B4A-11D0-8D11-00A0C91BC942}") = "tool_oneConverter32", "oneGame\tool_oneConverter32.vcxproj", "{93C4ECB5-1BCA-4467-81B6-521AF7EA6FEB}"
EndProject
Global
	GlobalSection(SolutionConfigurationPlatforms) = preSolution
		Debug|Windows_x64 = Debug|Windows_x64
		Debug|Windows_x86 = Debug|Windows_x86
		DebugClang|Windows_x64 = DebugClang|Windows_x64
		DebugClang|Windows_x86 = DebugClang|Windows_x86
		Unoptimized|Windows_x64 = Unoptimized|Windows_x64
		Unoptimized|Windows_x86 = Unoptimized|Windows_x86
	EndGlobalSection
	GlobalSection(ProjectConfigurationPlatforms) = postSolution
		{410E2926-EC32-401C-A45B-DCBBB8342517}.Debug|Windows_x64.ActiveCfg = Debug|x64
		{410E2926-EC32-401C-A45B-DCBBB8342517}.Debug|Windows_x64.Build.0 = Debug|x64
		{410E2926-EC32-401C-A45B-DCBBB8342517}.Debug|Windows_x86.ActiveCfg = Debug|Win32
		{410E2926-EC32-401C-A45B-DCBBB8342517}.Debug|Windows_x86.Build.0 = Debug|Win32
		{410E2926-EC32-401C-A45B-DCBBB8342517}.DebugClang|Windows_x64.ActiveCfg = DebugClang|x64
		{410E2926-EC32-401C-A45B-DCBBB8342517}.DebugClang|Windows_x64.Build.0 = DebugClang|x64
		{410E2926-EC32-401C-A45B-DCBBB8342517}.DebugClang|Windows_x86.ActiveCfg = DebugClang|Win32
		{410E2926-EC32-401C-A45B-DCBBB8342517}.DebugClang|Windows_x86.Build.0 = DebugClang|Win32
		{410E2926-EC32-401C-A45B-DCBBB8342517}.Unoptimized|Windows_x64.ActiveCfg = Unoptimized|Win32
		{410E2926-EC32-401C-A45B-DCBBB8342517}.Unoptimized|Windows_x86.ActiveCfg = Unoptimized|Win32
		{55249828-4343-423D-91D7-C5F5765EB240}.Debug|Windows_x64.ActiveCfg = Debug|x64
		{55249828-4343-423D-91D7-C5F5765EB240}.Debug|Windows_x64.Build.0 = Debug|x64
		{55249828-4343-423D-91D7-C5F5765EB240}.Debug|Windows_x86.ActiveCfg = Debug|Win32
		{55249828-4343-423D-91D7-C5F5765EB240}.Debug|Windows_x86.Build.0 = Debug|Win32
		{55249828-4343-423D-91D7-C5F5765EB240}.DebugClang|Windows_x64.ActiveCfg = DebugClang|x64
		{55249828-4343-423D-91D7-C5F5765EB240}.DebugClang|Windows_x64.Build.0 = DebugClang|x64
		{55249828-4343-423D-91D7-C5F5765EB240}.DebugClang|Windows_x86.ActiveCfg = DebugClang|Win32
		{55249828-4343-423D-91D7-C5F5765EB240}.DebugClang|Windows_x86.Build.0 = DebugClang|Win32
		{55249828-4343-423D-91D7-C5F5765EB240}.Unoptimized|Windows_x64.ActiveCfg = Unoptimized|Win32
		{55249828-4343-423D-91D7-C5F5765EB240}.Unoptimized|Windows_x86.ActiveCfg = Unoptimized|Win32
		{17D36E91-579B-4BD9-9309-F65AAC7007D7}.Debug|Windows_x64.ActiveCfg = Debug|x64
		{17D36E91-579B-4BD9-9309-F65AAC7007D7}.Debug|Windows_x64.Build.0 = Debug|x64
		{17D36E91-579B-4BD9-9309-F65AAC7007D7}.Debug|Windows_x86.ActiveCfg = Debug|Win32
		{17D36E91-579B-4BD9-9309-F65AAC7007D7}.Debug|Windows_x86.Build.0 = Debug|Win32
		{17D36E91-579B-4BD9-9309-F65AAC7007D7}.DebugClang|Windows_x64.ActiveCfg = DebugClang|x64
		{17D36E91-579B-4BD9-9309-F65AAC7007D7}.DebugClang|Windows_x64.Build.0 = DebugClang|x64
		{17D36E91-579B-4BD9-9309-F65AAC7007D7}.DebugClang|Windows_x86.ActiveCfg = DebugClang|Win32
		{17D36E91-579B-4BD9-9309-F65AAC7007D7}.DebugClang|Windows_x86.Build.0 = DebugClang|Win32
		{17D36E91-579B-4BD9-9309-F65AAC7007D7}.Unoptimized|Windows_x64.ActiveCfg = Unoptimized|Win32
		{17D36E91-579B-4BD9-9309-F65AAC7007D7}.Unoptimized|Windows_x86.ActiveCfg = Unoptimized|Win32
		{6D8BA09C-513F-4030-8428-0D8797F7264C}.Debug|Windows_x64.ActiveCfg = Debug|x64
		{6D8BA09C-513F-4030-8428-0D8797F7264C}.Debug|Windows_x64.Build.0 = Debug|x64
		{6D8BA09C-513F-4030-8428-0D8797F7264C}.Debug|Windows_x86.ActiveCfg = Debug|Win32
		{6D8BA09C-513F-4030-8428-0D8797F7264C}.Debug|Windows_x86.Build.0 = Debug|Win32
		{6D8BA09C-513F-4030-8428-0D8797F7264C}.DebugClang|Windows_x64.ActiveCfg = DebugClang|x64
		{6D8BA09C-513F-4030-8428-0D8797F7264C}.DebugClang|Windows_x64.Build.0 = DebugClang|x64
		{6D8BA09C-513F-4030-8428-0D8797F7264C}.DebugClang|Windows_x86.ActiveCfg = DebugClang|Win32
		{6D8BA09C-513F-4030-8428-0D8797F7264C}.DebugClang|Windows_x86.Build.0 = DebugClang|Win32
		{6D8BA09C-513F-4030-8428-0D8797F7264C}.Unoptimized|Windows_x64.ActiveCfg = Unoptimized|Win32
		{6D8BA09C-513F-4030-8428-0D8797F7264C}.Unoptimized|Windows_x86.ActiveCfg = Unoptimized|Win32
		{F630F5A9-217B-40E5-9557-6227163544C9}.Debug|Windows_x64.ActiveCfg = Debug|x64
		{F630F5A9-217B-40E5-9557-6227163544C9}.Debug|Windows_x64.Build.0 = Debug|x64
		{F630F5A9-217B-40E5-9557-6227163544C9}.Debug|Windows_x86.ActiveCfg = Debug|Win32
		{F630F5A9-217B-40E5-9557-6227163544C9}.Debug|Windows_x86.Build.0 = Debug|Win32
		{F630F5A9-217B-40E5-9557-6227163544C9}.DebugClang|Windows_x64.ActiveCfg = DebugClang|x64
		{F630F5A9-217B-40E5-9557-6227163544C9}.DebugClang|Windows_x64.Build.0 = DebugClang|x64
		{F630F5A9-217B-40E5-9557-6227163544C9}.DebugClang|Windows_x86.ActiveCfg = DebugClang|Win32
		{F630F5A9-217B-40E5-9557-6227163544C9}.DebugClang|Windows_x86.Build.0 = DebugClang|Win32
		{F630F5A9-217B-40E5-9557-6227163544C9}.Unoptimized|Windows_x64.ActiveCfg = Unoptimized|Win32
		{F630F5A9-217B-40E5-9557-6227163544C9}.Unoptimized|Windows_x86.ActiveCfg = Unoptimized|Win32
		{5CC6093B-CB43-4CDC-817A-002246731BC9}.Debug|Windows_x64.ActiveCfg = Debug|x64
		{5CC6093B-CB43-4CDC-817A-002246731BC9}.Debug|Windows_x64.Build.0 = Debug|x64
		{5CC6093B-CB43-4CDC-817A-002246731BC9}.Debug|Windows_x86.ActiveCfg = Debug|Win32
		{5CC6093B-CB43-4CDC-817A-002246731BC9}.Debug|Windows_x86.Build.0 = Debug|Win32
		{5CC6093B-CB43-4CDC-817A-002246731BC9}.DebugClang|Windows_x64.ActiveCfg = DebugClang|x64
		{5CC6093B-CB43-4CDC-817A-002246731BC9}.DebugClang|Windows_x64.Build.0 = DebugClang|x64
		{5CC6093B-CB43-4CDC-817A-002246731BC9}.DebugClang|Windows_x86.ActiveCfg = DebugClang|Win32
		{5CC6093B-CB43-4CDC-817A-002246731BC9}.DebugClang|Windows_x86.Build.0 = DebugClang|Win32
		{5CC6093B-CB43-4CDC-817A-002246731BC9}.Unoptimized|Windows_x64.ActiveCfg = Unoptimized|Win32
		{5CC6093B-CB43-4CDC-817A-002246731BC9}.Unoptimized|Windows_x86.ActiveCfg = Unoptimized|Win32
		{4FDB8ACD-7078-4806-B6B0-04C5351F3F87}.Debug|Windows_x64.ActiveCfg = Debug|x64
		{4FDB8ACD-7078-4806-B6B0-04C5351F3F87}.Debug|Windows_x64.Build.0 = Debug|x64
		{4FDB8ACD-7078-4806-B6B0-04C5351F3F87}.Debug|Windows_x86.ActiveCfg = Debug|Win32
		{4FDB8ACD-7078-4806-B6B0-04C5351F3F87}.Debug|Windows_x86.Build.0 = Debug|Win32
		{4FDB8ACD-7078-4806-B6B0-04C5351F3F87}.DebugClang|Windows_x64.ActiveCfg = DebugClang|x64
		{4FDB8ACD-7078-4806-B6B0-04C5351F3F87}.DebugClang|Windows_x64.Build.0 = DebugClang|x64
		{4FDB8ACD-7078-4806-B6B0-04C5351F3F87}.DebugClang|Windows_x86.ActiveCfg = DebugClang|Win32
		{4FDB8ACD-7078-4806-B6B0-04C5351F3F87}.DebugClang|Windows_x86.Build.0 = DebugClang|Win32
		{4FDB8ACD-7078-4806-B6B0-04C5351F3F87}.Unoptimized|Windows_x64.ActiveCfg = Unoptimized|Win32
		{4FDB8ACD-7078-4806-B6B0-04C5351F3F87}.Unoptimized|Windows_x86.ActiveCfg = Unoptimized|Win32
		{C1BC5440-9CE1-4A7E-89DD-DCD57005426A}.Debug|Windows_x64.ActiveCfg = Debug|x64
		{C1BC5440-9CE1-4A7E-89DD-DCD57005426A}.Debug|Windows_x64.Build.0 = Debug|x64
		{C1BC5440-9CE1-4A7E-89DD-DCD57005426A}.Debug|Windows_x86.ActiveCfg = Debug|Win32
		{C1BC5440-9CE1-4A7E-89DD-DCD57005426A}.Debug|Windows_x86.Build.0 = Debug|Win32
		{C1BC5440-9CE1-4A7E-89DD-DCD57005426A}.DebugClang|Windows_x64.ActiveCfg = DebugClang|x64
		{C1BC5440-9CE1-4A7E-89DD-DCD57005426A}.DebugClang|Windows_x64.Build.0 = DebugClang|x64
		{C1BC5440-9CE1-4A7E-89DD-DCD57005426A}.DebugClang|Windows_x86.ActiveCfg = DebugClang|Win32
		{C1BC5440-9CE1-4A7E-89DD-DCD57005426A}.DebugClang|Windows_x86.Build.0 = DebugClang|Win32
		{C1BC5440-9CE1-4A7E-89DD-DCD57005426A}.Unoptimized|Windows_x64.ActiveCfg = Unoptimized|Win32
		{C1BC5440-9CE1-4A7E-89DD-DCD57005426A}.Unoptimized|Windows_x86.ActiveCfg = Unoptimized|Win32
		{32BC2667-0024-48A2-A1C4-F7F995E5EF9B}.Debug|Windows_x64.ActiveCfg = Debug|x64
		{32BC2667-0024-48A2-A1C4-F7F995E5EF9B}.Debug|Windows_x64.Build.0 = Debug|x64
		{32BC2667-0024-48A2-A1C4-F7F995E5EF9B}.Debug|Windows_x86.ActiveCfg = Debug|Win32
		{32BC2667-0024-48A2-A1C4-F7F995E5EF9B}.Debug|Windows_x86.Build.0 = Debug|Win32
		{32BC2667-0024-48A2-A1C4-F7F995E5EF9B}.DebugClang|Windows_x64.ActiveCfg = DebugClang|x64
		{32BC2667-0024-48A2-A1C4-F7F995E5EF9B}.DebugClang|Windows_x64.Build.0 = DebugClang|x64
		{32BC2667-0024-48A2-A1C4-F7F995E5EF9B}.DebugClang|Windows_x86.ActiveCfg = DebugClang|Win32
		{32BC2667-0024-48A2-A1C4-F7F995E5EF9B}.DebugClang|Windows_x86.Build.0 = DebugClang|Win32
		{32BC2667-0024-48A2-A1C4-F7F995E5EF9B}.Unoptimized|Windows_x64.ActiveCfg = Unoptimized|Win32
		{32BC2667-0024-48A2-A1C4-F7F995E5EF9B}.Unoptimized|Windows_x86.ActiveCfg = Unoptimized|Win32
		{4692E5CF-9EBE-4127-8A81-A283E9F7005F}.Debug|Windows_x64.ActiveCfg = Debug|x64
		{4692E5CF-9EBE-4127-8A81-A283E9F7005F}.Debug|Windows_x64.Build.0 = Debug|x64
		{4692E5CF-9EBE-4127-8A81-A283E9F7005F}.Debug|Windows_x86.ActiveCfg = Debug|Win32
		{4692E5CF-9EBE-4127-8A81-A283E9F7005F}.Debug|Windows_x86.Build.0 = Debug|Win32
		{4692E5CF-9EBE-4127-8A81-A283E9F7005F}.DebugClang|Windows_x64.ActiveCfg = DebugClang|x64
		{4692E5CF-9EBE-4127-8A81-A283E9F7005F}.DebugClang|Windows_x64.Build.0 = DebugClang|x64
		{4692E5CF-9EBE-4127-8A81-A283E9F7005F}.DebugClang|Windows_x86.ActiveCfg = DebugClang|Win32
		{4692E5CF-9EBE-4127-8A81-A283E9F7005F}.DebugClang|Windows_x86.Build.0 = DebugClang|Win32
		{4692E5CF-9EBE-4127-8A81-A283E9F7005F}.Unoptimized|Windows_x64.ActiveCfg = Unoptimized|Win32
		{4692E5CF-9EBE-4127-8A81-A283E9F7005F}.Unoptimized|Windows_x86.ActiveCfg = Unoptimized|Win32
		{3F16B475-B8C7-4E8A-9678-F368CD0DE5C3}.Debug|Windows_x64.ActiveCfg = Debug|x64
		{3F16B475-B8C7-4E8A-9678-F368CD0DE5C3}.Debug|Windows_x64.Build.0 = Debug|x64
		{3F16B475-B8C7-4E8A-9678-F368CD0DE5C3}.Debug|Windows_x86.ActiveCfg = Debug|Win32
		{3F16B475-B8C7-4E8A-9678-F368CD0DE5C3}.Debug|Windows_x86.Build.0 = Debug|Win32
		{3F16B475-B8C7-4E8A-9678-F368CD0DE5C3}.DebugClang|Windows_x64.ActiveCfg = DebugClang|x64
		{3F16B475-B8C7-4E8A-9678-F368CD0DE5C3}.DebugClang|Windows_x64.Build.0 = DebugClang|x64
		{3F16B475-B8C7-4E8A-9678-F368CD0DE5C3}.DebugClang|Windows_x86.ActiveCfg = DebugClang|Win32
		{3F16B475-B8C7-4E8A-9678-F368CD0DE5C3}.DebugClang|Windows_x86.Build.0 = DebugClang|Win32
		{3F16B475-B8C7-4E8A-9678-F368CD0DE5C3}.Unoptimized|Windows_x64.ActiveCfg = Unoptimized|Win32
		{3F16B475-B8C7-4E8A-9678-F368CD0DE5C3}.Unoptimized|Windows_x86.ActiveCfg = Unoptimized|Win32
		{F7A35433-2C8A-487F-B021-C7AD4F20671C}.Debug|Windows_x64.ActiveCfg = Debug|x64
		{F7A35433-2C8A-487F-B021-C7AD4F20671C}.Debug|Windows_x64.Build.0 = Debug|x64
		{F7A35433-2C8A-487F-B021-C7AD4F20671C}.Debug|Windows_x86.ActiveCfg = Debug|Win32
		{F7A35433-2C8A-487F-B021-C7AD4F20671C}.DebugClang|Windows_x64.ActiveCfg = Debug|x64
		{F7A35433-2C8A-487F-B021-C7AD4F20671C}.DebugClang|Windows_x86.ActiveCfg = Debug|Win32
		{F7A35433-2C8A-487F-B021-C7AD4F20671C}.Unoptimized|Windows_x64.ActiveCfg = Unoptimized|Win32
		{F7A35433-2C8A-487F-B021-C7AD4F20671C}.Unoptimized|Windows_x86.ActiveCfg = Unoptimized|Win32
		{38F71BD7-CA57-4E5D-87C7-6299B0E218EA}.Debug|Windows_x64.ActiveCfg = Debug|x64
		{38F71BD7-CA57-4E5D-87C7-6299B0E218EA}.Debug|Windows_x64.Build.0 = Debug|x64
		{38F71BD7-CA57-4E5D-87C7-6299B0E218EA}.Debug|Windows_x86.ActiveCfg = Debug|Win32
		{38F71BD7-CA57-4E5D-87C7-6299B0E218EA}.Debug|Windows_x86.Build.0 = Debug|Win32
		{38F71BD7-CA57-4E5D-87C7-6299B0E218EA}.DebugClang|Windows_x64.ActiveCfg = DebugClang|x64
		{38F71BD7-CA57-4E5D-87C7-6299B0E218EA}.DebugClang|Windows_x64.Build.0 = DebugClang|x64
		{38F71BD7-CA57-4E5D-87C7-6299B0E218EA}.DebugClang|Windows_x86.ActiveCfg = DebugClang|Win32
		{38F71BD7-CA57-4E5D-87C7-6299B0E218EA}.DebugClang|Windows_x86.Build.0 = DebugClang|Win32
		{38F71BD7-CA57-4E5D-87C7-6299B0E218EA}.Unoptimized|Windows_x64.ActiveCfg = Unoptimized|Win32
		{38F71BD7-CA57-4E5D-87C7-6299B0E218EA}.Unoptimized|Windows_x86.ActiveCfg = Unoptimized|Win32
		{28A5770A-6C98-4CA8-B812-3596C58E621F}.Debug|Windows_x64.ActiveCfg = Debug|x64
		{28A5770A-6C98-4CA8-B812-3596C58E621F}.Debug|Windows_x64.Build.0 = Debug|x64
		{28A5770A-6C98-4CA8-B812-3596C58E621F}.Debug|Windows_x86.ActiveCfg = Debug|Win32
		{28A5770A-6C98-4CA8-B812-3596C58E621F}.Debug|Windows_x86.Build.0 = Debug|Win32
		{28A5770A-6C98-4CA8-B812-3596C58E621F}.DebugClang|Windows_x64.ActiveCfg = DebugClang|x64
		{28A5770A-6C98-4CA8-B812-3596C58E621F}.DebugClang|Windows_x64.Build.0 = DebugClang|x64
		{28A5770A-6C98-4CA8-B812-3596C58E621F}.DebugClang|Windows_x86.ActiveCfg = DebugClang|Win32
		{28A5770A-6C98-4CA8-B812-3596C58E621F}.DebugClang|Windows_x86.Build.0 = DebugClang|Win32
		{28A5770A-6C98-4CA8-B812-3596C58E621F}.Unoptimized|Windows_x64.ActiveCfg = Unoptimized|Win32
		{28A5770A-6C98-4CA8-B812-3596C58E621F}.Unoptimized|Windows_x86.ActiveCfg = Unoptimized|Win32
		{084AB1E3-647C-4670-B529-CABAD9ECB295}.Debug|Windows_x64.ActiveCfg = Debug|x64
		{084AB1E3-647C-4670-B529-CABAD9ECB295}.Debug|Windows_x64.Build.0 = Debug|x64
		{084AB1E3-647C-4670-B529-CABAD9ECB295}.Debug|Windows_x86.ActiveCfg = Debug|Win32
		{084AB1E3-647C-4670-B529-CABAD9ECB295}.Debug|Windows_x86.Build.0 = Debug|Win32
		{084AB1E3-647C-4670-B529-CABAD9ECB295}.DebugClang|Windows_x64.ActiveCfg = DebugClang|x64
		{084AB1E3-647C-4670-B529-CABAD9ECB295}.DebugClang|Windows_x64.Build.0 = DebugClang|x64
		{084AB1E3-647C-4670-B529-CABAD9ECB295}.DebugClang|Windows_x86.ActiveCfg = DebugClang|Win32
		{084AB1E3-647C-4670-B529-CABAD9ECB295}.DebugClang|Windows_x86.Build.0 = DebugClang|Win32
		{084AB1E3-647C-4670-B529-CABAD9ECB295}.Unoptimized|Windows_x64.ActiveCfg = Unoptimized|Win32
		{084AB1E3-647C-4670-B529-CABAD9ECB295}.Unoptimized|Windows_x86.ActiveCfg = Unoptimized|Win32
		{B681E210-BBDA-40DE-AEFB-3913F9041FCD}.Debug|Windows_x64.ActiveCfg = Debug|x64
		{B681E210-BBDA-40DE-AEFB-3913F9041FCD}.Debug|Windows_x64.Build.0 = Debug|x64
		{B681E210-BBDA-40DE-AEFB-3913F9041FCD}.Debug|Windows_x86.ActiveCfg = Debug|Win32
		{B681E210-BBDA-40DE-AEFB-3913F9041FCD}.Debug|Windows_x86.Build.0 = Debug|Win32
		{B681E210-BBDA-40DE-AEFB-3913F9041FCD}.DebugClang|Windows_x64.ActiveCfg = DebugClang|x64
		{B681E210-BBDA-40DE-AEFB-3913F9041FCD}.DebugClang|Windows_x64.Build.0 = DebugClang|x64
		{B681E210-BBDA-40DE-AEFB-3913F9041FCD}.DebugClang|Windows_x86.ActiveCfg = DebugClang|Win32
		{B681E210-BBDA-40DE-AEFB-3913F9041FCD}.DebugClang|Windows_x86.Build.0 = DebugClang|Win32
		{B681E210-BBDA-40DE-AEFB-3913F9041FCD}.Unoptimized|Windows_x64.ActiveCfg = Unoptimized|Win32
		{B681E210-BBDA-40DE-AEFB-3913F9041FCD}.Unoptimized|Windows_x86.ActiveCfg = Unoptimized|Win32
		{93C4ECB5-1BCA-4467-81B6-521AF7EA6FEB}.Debug|Windows_x64.ActiveCfg = Debug|Win32
		{93C4ECB5-1BCA-4467-81B6-521AF7EA6FEB}.Debug|Windows_x86.ActiveCfg = Debug|Win32
		{93C4ECB5-1BCA-4467-81B6-521AF7EA6FEB}.Debug|Windows_x86.Build.0 = Debug|Win32
		{93C4ECB5-1BCA-4467-81B6-521AF7EA6FEB}.DebugClang|Windows_x64.ActiveCfg = DebugClang|Win32
		{93C4ECB5-1BCA-4467-81B6-521AF7EA6FEB}.DebugClang|Windows_x64.Build.0 = DebugClang|Win32
		{93C4ECB5-1BCA-4467-81B6-521AF7EA6FEB}.DebugClang|Windows_x86.ActiveCfg = DebugClang|Win32
		{93C4ECB5-1BCA-4467-81B6-521AF7EA6FEB}.DebugClang|Windows_x86.Build.0 = DebugClang|Win32
		{93C4ECB5-1BCA-4467-81B6-521AF7EA6FEB}.Unoptimized|Windows_x64.ActiveCfg = Unoptimized|Win32
		{93C4ECB5-1BCA-4467-81B6-521AF7EA6FEB}.Unoptimized|Windows_x86.ActiveCfg = Unoptimized|Win32
	EndGlobalSection
	GlobalSection(SolutionProperties) = preSolution
		HideSolutionNode = FALSE
	EndGlobalSection
	GlobalSection(NestedProjects) = preSolution
		{410E2926-EC32-401C-A45B-DCBBB8342517} = {BCDF3097-E401-4B91-A574-7209F9687253}
		{55249828-4343-423D-91D7-C5F5765EB240} = {A43FD140-8C51-4B8B-A3FB-585023C75DC5}
		{17D36E91-579B-4BD9-9309-F65AAC7007D7} = {8517943E-EF55-4391-AC04-A37EF2143FBF}
		{6D8BA09C-513F-4030-8428-0D8797F7264C} = {A43FD140-8C51-4B8B-A3FB-585023C75DC5}
		{F630F5A9-217B-40E5-9557-6227163544C9} = {8517943E-EF55-4391-AC04-A37EF2143FBF}
		{5CC6093B-CB43-4CDC-817A-002246731BC9} = {A43FD140-8C51-4B8B-A3FB-585023C75DC5}
		{4FDB8ACD-7078-4806-B6B0-04C5351F3F87} = {A43FD140-8C51-4B8B-A3FB-585023C75DC5}
		{C1BC5440-9CE1-4A7E-89DD-DCD57005426A} = {A43FD140-8C51-4B8B-A3FB-585023C75DC5}
		{32BC2667-0024-48A2-A1C4-F7F995E5EF9B} = {A43FD140-8C51-4B8B-A3FB-585023C75DC5}
		{4692E5CF-9EBE-4127-8A81-A283E9F7005F} = {8517943E-EF55-4391-AC04-A37EF2143FBF}
		{3F16B475-B8C7-4E8A-9678-F368CD0DE5C3} = {A43FD140-8C51-4B8B-A3FB-585023C75DC5}
		{F7A35433-2C8A-487F-B021-C7AD4F20671C} = {8517943E-EF55-4391-AC04-A37EF2143FBF}
		{38F71BD7-CA57-4E5D-87C7-6299B0E218EA} = {A43FD140-8C51-4B8B-A3FB-585023C75DC5}
		{28A5770A-6C98-4CA8-B812-3596C58E621F} = {A43FD140-8C51-4B8B-A3FB-585023C75DC5}
		{084AB1E3-647C-4670-B529-CABAD9ECB295} = {BCDF3097-E401-4B91-A574-7209F9687253}
		{B681E210-BBDA-40DE-AEFB-3913F9041FCD} = {FC37B1E5-F178-4C5C-8251-E6F577B71F98}
		{93C4ECB5-1BCA-4467-81B6-521AF7EA6FEB} = {FC37B1E5-F178-4C5C-8251-E6F577B71F98}
	EndGlobalSection
EndGlobal
