<?xml version="1.0" encoding="utf-8"?>
<Project ToolsVersion="4.0" xmlns="http://schemas.microsoft.com/developer/msbuild/2003">
  <ItemGroup>
    <Filter Include="SOURCE">
      <UniqueIdentifier>{3b29ac3a-2fb0-40e4-a0b6-951f66c1b91c}</UniqueIdentifier>
    </Filter>
    <Filter Include="SOURCE\Audio">
      <UniqueIdentifier>{b84fd792-c7c1-47e6-88b0-0dc4766dc557}</UniqueIdentifier>
    </Filter>
    <Filter Include="SOURCE\Audio\types">
      <UniqueIdentifier>{8c7f1e2f-778e-4b12-8866-9bdd5a655d6b}</UniqueIdentifier>
    </Filter>
    <Filter Include="SOURCE\Audio\backend">
      <UniqueIdentifier>{8a079742-da2c-43e8-8b6e-1c41c3409bb1}</UniqueIdentifier>
    </Filter>
    <Filter Include="SOURCE\Audio\mixing">
      <UniqueIdentifier>{c0cae456-f45a-42f1-8655-62ca99666c04}</UniqueIdentifier>
    </Filter>
  </ItemGroup>
  <ItemGroup>
    <ClCompile Include="source\audio\Buffer.cpp">
      <Filter>SOURCE\Audio</Filter>
    </ClCompile>
    <ClCompile Include="source\audio\WaveformLoader.cpp">
      <Filter>SOURCE\Audio</Filter>
    </ClCompile>
    <ClCompile Include="source\audio\BufferManager.cpp">
      <Filter>SOURCE\Audio</Filter>
    </ClCompile>
    <ClCompile Include="source\audio\Source.cpp">
      <Filter>SOURCE\Audio</Filter>
    </ClCompile>
    <ClCompile Include="source\audio\BufferStreamed.cpp">
      <Filter>SOURCE\Audio</Filter>
    </ClCompile>
    <ClCompile Include="source\audio\WaveformLoader.Ogg.cpp">
      <Filter>SOURCE\Audio</Filter>
    </ClCompile>
    <ClCompile Include="source\audio\Listener.cpp">
      <Filter>SOURCE\Audio</Filter>
    </ClCompile>
    <ClCompile Include="source\audio\backend\WASAPIAudioBackend.cpp">
      <Filter>SOURCE\Audio\backend</Filter>
    </ClCompile>
    <ClCompile Include="source\audio\mixing\Mixer.cpp">
      <Filter>SOURCE\Audio\mixing</Filter>
    </ClCompile>
    <ClCompile Include="source\audio\Manager.cpp">
      <Filter>SOURCE\Audio</Filter>
    </ClCompile>
  </ItemGroup>
  <ItemGroup>
    <ClInclude Include="source\audio\AudioHeaders.h">
      <Filter>SOURCE\Audio</Filter>
    </ClInclude>
    <ClInclude Include="source\audio\Buffer.h">
      <Filter>SOURCE\Audio</Filter>
    </ClInclude>
    <ClInclude Include="source\audio\WaveformLoader.h">
      <Filter>SOURCE\Audio</Filter>
    </ClInclude>
    <ClInclude Include="source\audio\BufferManager.h">
      <Filter>SOURCE\Audio</Filter>
    </ClInclude>
    <ClInclude Include="source\audio\Source.h">
      <Filter>SOURCE\Audio</Filter>
    </ClInclude>
    <ClInclude Include="source\audio\BufferStreamed.h">
      <Filter>SOURCE\Audio</Filter>
    </ClInclude>
    <ClInclude Include="source\audio\Listener.h">
      <Filter>SOURCE\Audio</Filter>
    </ClInclude>
    <ClInclude Include="source\audio\backend\AudioBackend.h">
      <Filter>SOURCE\Audio\backend</Filter>
    </ClInclude>
    <ClInclude Include="source\audio\backend\WASAPIAudioBackend.h">
      <Filter>SOURCE\Audio\backend</Filter>
    </ClInclude>
    <ClInclude Include="source\audio\mixing\Mixer.h">
      <Filter>SOURCE\Audio\mixing</Filter>
    </ClInclude>
    <ClInclude Include="source\audio\Manager.h">
      <Filter>SOURCE\Audio</Filter>
    </ClInclude>
    <ClInclude Include="source\audio\types\Formats.h">
      <Filter>SOURCE\Audio\types</Filter>
    </ClInclude>
    <ClInclude Include="source\audio\types\BufferData.h">
      <Filter>SOURCE\Audio\types</Filter>
    </ClInclude>
    <ClInclude Include="source\audio\types\Handles.h">
      <Filter>SOURCE\Audio\types</Filter>
    </ClInclude>
    <ClInclude Include="source\audio\types\Soundscripts.h">
      <Filter>SOURCE\Audio\types</Filter>
    </ClInclude>
    <ClInclude Include="source\audio\mixing\Channels.h">
      <Filter>SOURCE\Audio\mixing</Filter>
    </ClInclude>
    <ClInclude Include="source\audio\mixing\Workbuffer.h">
      <Filter>SOURCE\Audio\mixing</Filter>
    </ClInclude>
  </ItemGroup>
</Project>