<?xml version="1.0" encoding="utf-8"?>
<Project ToolsVersion="4.0" xmlns="http://schemas.microsoft.com/developer/msbuild/2003">
  <ItemGroup>
    <Filter Include="SOURCE">
      <UniqueIdentifier>{8fb1249d-e833-457a-8016-7e9ff36d001e}</UniqueIdentifier>
    </Filter>
    <Filter Include="SOURCE\Core">
      <UniqueIdentifier>{7bf2f3da-62c1-473e-92ef-bf003fe42642}</UniqueIdentifier>
    </Filter>
    <Filter Include="SOURCE\Core\Settings">
      <UniqueIdentifier>{8f941b98-e37c-44a1-8824-56fc7e04e8db}</UniqueIdentifier>
    </Filter>
    <Filter Include="SOURCE\Core-ext">
      <UniqueIdentifier>{798cf2e5-34bf-4a67-87f9-ab0c87d8cc46}</UniqueIdentifier>
    </Filter>
    <Filter Include="SOURCE\Core-ext\Threads">
      <UniqueIdentifier>{1b844c76-1229-459f-8c6f-c802b24fb144}</UniqueIdentifier>
    </Filter>
    <Filter Include="SOURCE\Core\Time">
      <UniqueIdentifier>{7986e073-0465-428c-bae2-28f6f4618d83}</UniqueIdentifier>
    </Filter>
    <Filter Include="SOURCE\Core\Input">
      <UniqueIdentifier>{a2708f8b-87c9-4f77-80a6-b57c6bfe9839}</UniqueIdentifier>
    </Filter>
    <Filter Include="SOURCE\Core-ext\Input">
      <UniqueIdentifier>{8cdcd674-7cde-4078-95c3-5b82bee45a07}</UniqueIdentifier>
    </Filter>
    <Filter Include="SOURCE\Core-ext\Input\Emulated">
      <UniqueIdentifier>{fd3859d2-84e1-46cc-9369-b1829539a64f}</UniqueIdentifier>
    </Filter>
    <Filter Include="SOURCE\Core\Debug">
      <UniqueIdentifier>{18246685-e225-4232-9cd2-298c56ca9b0b}</UniqueIdentifier>
    </Filter>
    <Filter Include="SOURCE\Core\System">
      <UniqueIdentifier>{cd9fb5e8-f76f-41a1-961d-9fe6cdc65fb7}</UniqueIdentifier>
    </Filter>
    <Filter Include="SOURCE\Core\System\IO">
      <UniqueIdentifier>{2d3cb790-832b-438e-a589-905f5f8eb96c}</UniqueIdentifier>
    </Filter>
    <Filter Include="SOURCE\Core-ext\System">
      <UniqueIdentifier>{9b433442-5bfb-40ee-8018-a92c7c7d0980}</UniqueIdentifier>
    </Filter>
    <Filter Include="SOURCE\Core-ext\System\IO">
      <UniqueIdentifier>{eb68bf6a-0140-4d7a-af71-30637da1d7ea}</UniqueIdentifier>
    </Filter>
    <Filter Include="SOURCE\Core-ext\Transform">
      <UniqueIdentifier>{f3025d52-19ef-40b9-b506-f574164d357e}</UniqueIdentifier>
    </Filter>
    <Filter Include="SOURCE\Core-ext\Animation">
      <UniqueIdentifier>{799ffc93-3b70-4bb0-9947-2d426cc96ec7}</UniqueIdentifier>
    </Filter>
    <Filter Include="SOURCE\Core-ext\Profiler">
      <UniqueIdentifier>{82255775-1107-4a10-b0e1-520e1d0e2037}</UniqueIdentifier>
    </Filter>
    <Filter Include="SOURCE\Core-ext\System\IO\Assets">
      <UniqueIdentifier>{6afa2b63-3fb8-4309-903c-6d26b69b6fae}</UniqueIdentifier>
    </Filter>
    <Filter Include="SOURCE\Core-ext\Animation\Set">
      <UniqueIdentifier>{e17f8556-9a8a-4414-b614-68d0f3aa1712}</UniqueIdentifier>
    </Filter>
    <Filter Include="SOURCE\Core-ext\Utils">
      <UniqueIdentifier>{71af7df4-58d2-4853-b97b-7315b880fd1f}</UniqueIdentifier>
    </Filter>
    <Filter Include="SOURCE\Core-ext\System\Shell">
      <UniqueIdentifier>{32f2eed7-aaae-4748-8305-baf6de4cc4b9}</UniqueIdentifier>
    </Filter>
    <Filter Include="SOURCE\Core\Gfx">
      <UniqueIdentifier>{47d9e154-6946-47fd-9169-48ea48c7f1e3}</UniqueIdentifier>
    </Filter>
    <Filter Include="SOURCE\Core-ext\Gfx">
      <UniqueIdentifier>{271f1c1b-ca67-4573-ae4d-6a6ce9d60161}</UniqueIdentifier>
    </Filter>
    <Filter Include="SOURCE\Core-ext\System\IO\Assets\TexLoader">
      <UniqueIdentifier>{6f5969ed-bb74-43f7-af84-6d3b2b8e028d}</UniqueIdentifier>
    </Filter>
    <Filter Include="SOURCE\Core-ext\Resources">
      <UniqueIdentifier>{55b2ccba-8172-44c2-9858-0ccc8db7aef6}</UniqueIdentifier>
    </Filter>
  </ItemGroup>
  <ItemGroup>
    <ClCompile Include="source\core\settings\CGameSettings.cpp">
      <Filter>SOURCE\Core\Settings</Filter>
    </ClCompile>
    <ClCompile Include="source\core-ext\threads\Jobs.cpp">
      <Filter>SOURCE\Core-ext\Threads</Filter>
    </ClCompile>
    <ClCompile Include="source\core\time\CTime.cpp">
      <Filter>SOURCE\Core\Time</Filter>
    </ClCompile>
    <ClCompile Include="source\core\time\CTimeOsmac.cpp">
      <Filter>SOURCE\Core\Time</Filter>
    </ClCompile>
    <ClCompile Include="source\core\time\CTimeWin32.cpp">
      <Filter>SOURCE\Core\Time</Filter>
    </ClCompile>
    <ClCompile Include="source\core\input\CInput.cpp">
      <Filter>SOURCE\Core\Input</Filter>
    </ClCompile>
    <ClCompile Include="source\core\input\CXboxController.cpp">
      <Filter>SOURCE\Core\Input</Filter>
    </ClCompile>
    <ClCompile Include="source\core-ext\input\CInputControl.cpp">
      <Filter>SOURCE\Core-ext\Input</Filter>
    </ClCompile>
    <ClCompile Include="source\core\debug\CDebugConsole.cpp">
      <Filter>SOURCE\Core\Debug</Filter>
    </ClCompile>
    <ClCompile Include="source\core\system\Screen.cpp">
      <Filter>SOURCE\Core\System</Filter>
    </ClCompile>
    <ClCompile Include="source\core-ext\profiler\CTimeProfiler.cpp">
      <Filter>SOURCE\Core-ext\Profiler</Filter>
    </ClCompile>
    <ClCompile Include="source\core-ext\system\io\FileUtils.cpp">
      <Filter>SOURCE\Core-ext\System\IO</Filter>
    </ClCompile>
    <ClCompile Include="source\core-ext\system\io\Resources.cpp">
      <Filter>SOURCE\Core-ext\System\IO</Filter>
    </ClCompile>
    <ClCompile Include="source\core-ext\animation\BoneMapper.cpp">
      <Filter>SOURCE\Core-ext\Animation</Filter>
    </ClCompile>
    <ClCompile Include="source\core-ext\system\io\assets\ModelLoader.cpp">
      <Filter>SOURCE\Core-ext\System\IO\Assets</Filter>
    </ClCompile>
    <ClCompile Include="source\core-ext\transform\TransformUtility.cpp">
      <Filter>SOURCE\Core-ext\Transform</Filter>
    </ClCompile>
    <ClCompile Include="source\core-ext\animation\Skeleton.cpp">
      <Filter>SOURCE\Core-ext\Animation</Filter>
    </ClCompile>
    <ClCompile Include="source\core\system\io\CSegmentedFile.cpp">
      <Filter>SOURCE\Core\System\IO</Filter>
    </ClCompile>
    <ClCompile Include="source\core-ext\transform\Transform.cpp">
      <Filter>SOURCE\Core-ext\Transform</Filter>
    </ClCompile>
    <ClCompile Include="source\core-ext\utils\MeshBuilder.cpp">
      <Filter>SOURCE\Core-ext\Utils</Filter>
    </ClCompile>
    <ClCompile Include="source\core-ext\system\shell\Status.cpp">
      <Filter>SOURCE\Core-ext\System\Shell</Filter>
    </ClCompile>
    <ClCompile Include="source\core-ext\system\io\mccvxg.cpp">
      <Filter>SOURCE\Core-ext\System\IO</Filter>
    </ClCompile>
    <ClCompile Include="source\core\input\CInput.Table.cpp">
      <Filter>SOURCE\Core\Input</Filter>
    </ClCompile>
    <ClCompile Include="source\core\settings\CGameSettings.Dirs.cpp">
      <Filter>SOURCE\Core\Settings</Filter>
    </ClCompile>
    <ClCompile Include="source\core-ext\animation\AnimationAction.cpp">
      <Filter>SOURCE\Core-ext\Animation</Filter>
    </ClCompile>
    <ClCompile Include="source\core-ext\animation\AnimationAction.Mixing.cpp">
      <Filter>SOURCE\Core-ext\Animation</Filter>
    </ClCompile>
    <ClCompile Include="source\core-ext\animation\AnimationControl.cpp">
      <Filter>SOURCE\Core-ext\Animation</Filter>
    </ClCompile>
    <ClCompile Include="source\core-ext\animation\set\AnimationSet.cpp">
      <Filter>SOURCE\Core-ext\Animation\Set</Filter>
    </ClCompile>
    <ClCompile Include="source\core-ext\system\shell\DragAndDrop.cpp">
      <Filter>SOURCE\Core-ext\System\Shell</Filter>
    </ClCompile>
    <ClCompile Include="source\core-ext\utils\MeshAttributes.cpp">
      <Filter>SOURCE\Core-ext\Utils</Filter>
    </ClCompile>
    <ClCompile Include="source\core-ext\system\io\osf.cpp">
      <Filter>SOURCE\Core-ext\System\IO</Filter>
    </ClCompile>
    <ClCompile Include="source\core-ext\system\io\assets\Conversion.cpp">
      <Filter>SOURCE\Core-ext\System\IO\Assets</Filter>
    </ClCompile>
    <ClCompile Include="source\core-ext\system\io\assets\TextureIO.cpp">
      <Filter>SOURCE\Core-ext\System\IO\Assets</Filter>
    </ClCompile>
    <ClCompile Include="source\core-ext\resources\ResourceManager.cpp">
      <Filter>SOURCE\Core-ext\Resources</Filter>
    </ClCompile>
    <ClCompile Include="source\core-ext\resources\IArResource.cpp">
      <Filter>SOURCE\Core-ext\Resources</Filter>
    </ClCompile>
    <ClCompile Include="source\core-ext\resources\IArResourceSubsystem.cpp">
      <Filter>SOURCE\Core-ext\Resources</Filter>
    </ClCompile>
  </ItemGroup>
  <ItemGroup>
    <ClInclude Include="source\core\settings\CGameSettings.h">
      <Filter>SOURCE\Core\Settings</Filter>
    </ClInclude>
    <ClInclude Include="source\core-ext\threads\Jobs.h">
      <Filter>SOURCE\Core-ext\Threads</Filter>
    </ClInclude>
    <ClInclude Include="source\core\time\CTimeOsmac.h">
      <Filter>SOURCE\Core\Time</Filter>
    </ClInclude>
    <ClInclude Include="source\core\time\CTimeWin32.h">
      <Filter>SOURCE\Core\Time</Filter>
    </ClInclude>
    <ClInclude Include="source\core\time\Time.h">
      <Filter>SOURCE\Core\Time</Filter>
    </ClInclude>
    <ClInclude Include="source\core\input\CInput.h">
      <Filter>SOURCE\Core\Input</Filter>
    </ClInclude>
    <ClInclude Include="source\core\input\CXboxController.h">
      <Filter>SOURCE\Core\Input</Filter>
    </ClInclude>
    <ClInclude Include="source\core-ext\input\CInputControl.h">
      <Filter>SOURCE\Core-ext\Input</Filter>
    </ClInclude>
    <ClInclude Include="source\core-ext\input\emulated\CEmulatedInputControl.h">
      <Filter>SOURCE\Core-ext\Input\Emulated</Filter>
    </ClInclude>
    <ClInclude Include="source\core\debug\CDebugConsole.h">
      <Filter>SOURCE\Core\Debug</Filter>
    </ClInclude>
    <ClInclude Include="source\core\debug\console.h">
      <Filter>SOURCE\Core\Debug</Filter>
    </ClInclude>
    <ClInclude Include="source\core\system\Screen.h">
      <Filter>SOURCE\Core\System</Filter>
    </ClInclude>
    <ClInclude Include="source\core-ext\profiler\CTimeProfiler.h">
      <Filter>SOURCE\Core-ext\Profiler</Filter>
    </ClInclude>
    <ClInclude Include="source\core-ext\system\io\FileUtils.h">
      <Filter>SOURCE\Core-ext\System\IO</Filter>
    </ClInclude>
    <ClInclude Include="source\core-ext\system\io\Resources.h">
      <Filter>SOURCE\Core-ext\System\IO</Filter>
    </ClInclude>
    <ClInclude Include="source\core-ext\animation\Skeleton.h">
      <Filter>SOURCE\Core-ext\Animation</Filter>
    </ClInclude>
    <ClInclude Include="source\core-ext\animation\BoneMapper.h">
      <Filter>SOURCE\Core-ext\Animation</Filter>
    </ClInclude>
    <ClInclude Include="source\core-ext\system\io\assets\ResourceAnimLoader.h">
      <Filter>SOURCE\Core-ext\System\IO\Assets</Filter>
    </ClInclude>
    <ClInclude Include="source\core-ext\system\io\assets\ResourceHandler.h">
      <Filter>SOURCE\Core-ext\System\IO\Assets</Filter>
    </ClInclude>
    <ClInclude Include="source\core-ext\system\io\assets\ModelLoader.h">
      <Filter>SOURCE\Core-ext\System\IO\Assets</Filter>
    </ClInclude>
    <ClInclude Include="source\core-ext\transform\TransformUtility.h">
      <Filter>SOURCE\Core-ext\Transform</Filter>
    </ClInclude>
    <ClInclude Include="source\core\system\io\CSegmentedFile.h">
      <Filter>SOURCE\Core\System\IO</Filter>
    </ClInclude>
    <ClInclude Include="source\core-ext\transform\Transform.h">
      <Filter>SOURCE\Core-ext\Transform</Filter>
    </ClInclude>
    <ClInclude Include="source\core-ext\utils\MeshBuilder.h">
      <Filter>SOURCE\Core-ext\Utils</Filter>
    </ClInclude>
    <ClInclude Include="source\core-ext\system\shell\Status.h">
      <Filter>SOURCE\Core-ext\System\Shell</Filter>
    </ClInclude>
    <ClInclude Include="source\core-ext\system\io\mccvxg.h">
      <Filter>SOURCE\Core-ext\System\IO</Filter>
    </ClInclude>
    <ClInclude Include="source\core-ext\animation\AnimationAction.h">
      <Filter>SOURCE\Core-ext\Animation</Filter>
    </ClInclude>
    <ClInclude Include="source\core-ext\animation\AnimationControl.h">
      <Filter>SOURCE\Core-ext\Animation</Filter>
    </ClInclude>
    <ClInclude Include="source\core-ext\animation\Common.h">
      <Filter>SOURCE\Core-ext\Animation</Filter>
    </ClInclude>
    <ClInclude Include="source\core-ext\animation\set\AnimationSet.h">
      <Filter>SOURCE\Core-ext\Animation\Set</Filter>
    </ClInclude>
    <ClInclude Include="source\core-ext\system\shell\DragAndDrop.h">
      <Filter>SOURCE\Core-ext\System\Shell</Filter>
    </ClInclude>
    <ClInclude Include="source\core-ext\utils\MeshAttributes.h">
      <Filter>SOURCE\Core-ext\Utils</Filter>
    </ClInclude>
    <ClInclude Include="source\core-ext\system\io\osf.h">
      <Filter>SOURCE\Core-ext\System\IO</Filter>
    </ClInclude>
    <ClInclude Include="source\core-ext\system\io\assets\Conversion.h">
      <Filter>SOURCE\Core-ext\System\IO\Assets</Filter>
    </ClInclude>
    <ClInclude Include="source\core-ext\system\io\assets\texloader\bmp.hpp">
      <Filter>SOURCE\Core-ext\System\IO\Assets\TexLoader</Filter>
    </ClInclude>
    <ClInclude Include="source\core-ext\system\io\assets\texloader\bpd.hpp">
      <Filter>SOURCE\Core-ext\System\IO\Assets\TexLoader</Filter>
    </ClInclude>
    <ClInclude Include="source\core-ext\system\io\assets\texloader\jpg.hpp">
      <Filter>SOURCE\Core-ext\System\IO\Assets\TexLoader</Filter>
    </ClInclude>
    <ClInclude Include="source\core-ext\system\io\assets\texloader\png.hpp">
      <Filter>SOURCE\Core-ext\System\IO\Assets\TexLoader</Filter>
    </ClInclude>
    <ClInclude Include="source\core-ext\system\io\assets\texloader\tga.hpp">
      <Filter>SOURCE\Core-ext\System\IO\Assets\TexLoader</Filter>
    </ClInclude>
    <ClInclude Include="source\core-ext\system\io\assets\TextureIO.h">
      <Filter>SOURCE\Core-ext\System\IO\Assets</Filter>
    </ClInclude>
    <ClInclude Include="source\core-ext\resources\ResourceManager.h">
      <Filter>SOURCE\Core-ext\Resources</Filter>
    </ClInclude>
    <ClInclude Include="source\core-ext\resources\IArResource.h">
      <Filter>SOURCE\Core-ext\Resources</Filter>
    </ClInclude>
    <ClInclude Include="source\core-ext\resources\IArResourceSubsystem.h">
      <Filter>SOURCE\Core-ext\Resources</Filter>
    </ClInclude>
  </ItemGroup>
</Project>