<?xml version="1.0" encoding="utf-8"?>
<Project ToolsVersion="4.0" xmlns="http://schemas.microsoft.com/developer/msbuild/2003">
  <ItemGroup>
    <Filter Include="SOURCE">
      <UniqueIdentifier>{c1231326-30e8-419c-a725-c1409eaa320a}</UniqueIdentifier>
    </Filter>
    <Filter Include="SOURCE\Engine">
      <UniqueIdentifier>{3a7763f6-24c6-4825-8fe7-2fc7e7543607}</UniqueIdentifier>
    </Filter>
    <Filter Include="SOURCE\Engine\Behavior">
      <UniqueIdentifier>{76182d6f-d135-4cbd-85a6-ddea0cbdb5ca}</UniqueIdentifier>
    </Filter>
    <Filter Include="SOURCE\Engine\State">
      <UniqueIdentifier>{1303f8d6-210b-464d-b7bd-3a70203bb2d6}</UniqueIdentifier>
    </Filter>
    <Filter Include="SOURCE\Engine\System">
      <UniqueIdentifier>{fc776d69-773b-4e23-bc39-ccf60acc8e24}</UniqueIdentifier>
    </Filter>
    <Filter Include="SOURCE\Engine\Network">
      <UniqueIdentifier>{14d5a1fa-53a4-4229-af82-5e457b76aacc}</UniqueIdentifier>
    </Filter>
    <Filter Include="SOURCE\Engine\Physics">
      <UniqueIdentifier>{172ac5fa-9673-4359-8ce3-ef71e18308f7}</UniqueIdentifier>
    </Filter>
    <Filter Include="SOURCE\Engine\Physics\Raycast">
      <UniqueIdentifier>{e03ca2e8-31b0-44e9-91db-8fbfa97182f9}</UniqueIdentifier>
    </Filter>
    <Filter Include="SOURCE\Engine\Physics\Collider">
      <UniqueIdentifier>{a4085dc4-f78f-44a5-a3c0-9701d6afb5fb}</UniqueIdentifier>
    </Filter>
    <Filter Include="SOURCE\Engine\Physics\Collider\Types">
      <UniqueIdentifier>{a53a32d8-e0c6-417a-aca5-795df268697b}</UniqueIdentifier>
    </Filter>
    <Filter Include="SOURCE\Engine\Physics\Phantom">
      <UniqueIdentifier>{024eada1-c94d-492b-bd5c-b8409fa2d591}</UniqueIdentifier>
    </Filter>
    <Filter Include="SOURCE\Engine\Physics\Motion">
      <UniqueIdentifier>{dfb2f69e-5a58-4add-8ea6-dbc98161d048}</UniqueIdentifier>
    </Filter>
    <Filter Include="SOURCE\Engine\Physics\Volumes">
      <UniqueIdentifier>{9442eb66-d2f1-40b1-b935-4b1c56c2a8ec}</UniqueIdentifier>
    </Filter>
    <Filter Include="SOURCE\Engine\Audio">
      <UniqueIdentifier>{f1b86c3c-e515-4ca3-9e9c-d9758737225c}</UniqueIdentifier>
    </Filter>
    <Filter Include="SOURCE\Engine\Animation">
      <UniqueIdentifier>{78d3e2bd-bd04-4221-a307-aee637dc0607}</UniqueIdentifier>
    </Filter>
    <Filter Include="SOURCE\Engine\Utils">
      <UniqueIdentifier>{154c3b4b-80ab-44b9-abe8-73a33ab6f73f}</UniqueIdentifier>
    </Filter>
    <Filter Include="SOURCE\Engine\MPlayer %28Filter only%29">
      <UniqueIdentifier>{6a066a59-7162-4606-a6ee-b3e2401e13f0}</UniqueIdentifier>
    </Filter>
    <Filter Include="SOURCE\Engine\Scripting">
      <UniqueIdentifier>{1070774f-9d62-48fa-bcee-fd14f7d3342e}</UniqueIdentifier>
    </Filter>
  </ItemGroup>
  <ItemGroup>
    <ClInclude Include="source\engine\behavior\CGameBehavior.h">
      <Filter>SOURCE\Engine\Behavior</Filter>
    </ClInclude>
    <ClInclude Include="source\engine\behavior\CGameObject.h">
      <Filter>SOURCE\Engine\Behavior</Filter>
    </ClInclude>
    <ClInclude Include="source\engine\behavior\GameBehaviorReference.h">
      <Filter>SOURCE\Engine\Behavior</Filter>
    </ClInclude>
    <ClInclude Include="source\engine\behavior\gbbool.h">
      <Filter>SOURCE\Engine\Behavior</Filter>
    </ClInclude>
    <ClInclude Include="source\engine\state\CGameScene.h">
      <Filter>SOURCE\Engine\State</Filter>
    </ClInclude>
    <ClInclude Include="source\engine\state\CGameState.h">
      <Filter>SOURCE\Engine\State</Filter>
    </ClInclude>
    <ClInclude Include="source\engine\system\CGameMessenger.h">
      <Filter>SOURCE\Engine\System</Filter>
    </ClInclude>
    <ClInclude Include="source\engine\system\GameMessages.h">
      <Filter>SOURCE\Engine\System</Filter>
    </ClInclude>
    <ClInclude Include="source\engine\network\CNetworkTable.h">
      <Filter>SOURCE\Engine\Network</Filter>
    </ClInclude>
    <ClInclude Include="source\engine\network\CNetworkVar.h">
      <Filter>SOURCE\Engine\Network</Filter>
    </ClInclude>
    <ClInclude Include="source\engine\network\GameNetworking.h">
      <Filter>SOURCE\Engine\Network</Filter>
    </ClInclude>
    <ClInclude Include="source\engine\physics\collider\sCollision.h">
      <Filter>SOURCE\Engine\Physics\Collider</Filter>
    </ClInclude>
    <ClInclude Include="source\engine\physics\motion\CRigidbody.h">
      <Filter>SOURCE\Engine\Physics\Motion</Filter>
    </ClInclude>
    <ClInclude Include="source\engine\physics\motion\CRigidbodyCharacter.h">
      <Filter>SOURCE\Engine\Physics\Motion</Filter>
    </ClInclude>
    <ClInclude Include="source\engine\physics\volumes\CVolumeTrigger.h">
      <Filter>SOURCE\Engine\Physics\Volumes</Filter>
    </ClInclude>
    <ClInclude Include="source\engine\physics\volumes\CWaterVolume.h">
      <Filter>SOURCE\Engine\Physics\Volumes</Filter>
    </ClInclude>
    <ClInclude Include="source\engine\utils\CDeveloperConsole.h">
      <Filter>SOURCE\Engine\Utils</Filter>
    </ClInclude>
    <ClInclude Include="source\engine\physics\motion\CMotion.h">
      <Filter>SOURCE\Engine\Physics\Motion</Filter>
    </ClInclude>
    <ClInclude Include="source\engine\module_engine.h">
      <Filter>SOURCE\Engine</Filter>
    </ClInclude>
    <ClInclude Include="source\engine\server.h">
      <Filter>SOURCE\Engine\MPlayer %28Filter only%29</Filter>
    </ClInclude>
    <ClInclude Include="source\engine\client.h">
      <Filter>SOURCE\Engine\MPlayer %28Filter only%29</Filter>
    </ClInclude>
    <ClInclude Include="source\engine\network\types.h">
      <Filter>SOURCE\Engine\Network</Filter>
    </ClInclude>
    <ClInclude Include="source\engine\behavior\CGameHandle.h">
      <Filter>SOURCE\Engine\Behavior</Filter>
    </ClInclude>
    <ClInclude Include="source\engine\types.h">
      <Filter>SOURCE\Engine</Filter>
    </ClInclude>
    <ClInclude Include="source\engine\network\CDataTable.h">
      <Filter>SOURCE\Engine\Network</Filter>
    </ClInclude>
    <ClInclude Include="source\engine\network\CDataVar.h">
      <Filter>SOURCE\Engine\Network</Filter>
    </ClInclude>
    <ClInclude Include="source\engine\network\BehaviorList.h">
      <Filter>SOURCE\Engine\Network</Filter>
    </ClInclude>
    <ClInclude Include="source\engine\audio\AudioInterface.h">
      <Filter>SOURCE\Engine\Audio</Filter>
    </ClInclude>
    <ClInclude Include="source\engine\audio\Sound.h">
      <Filter>SOURCE\Engine\Audio</Filter>
    </ClInclude>
  </ItemGroup>
  <ItemGroup>
    <ClCompile Include="source\engine\behavior\CGameBehavior.cpp">
      <Filter>SOURCE\Engine\Behavior</Filter>
    </ClCompile>
    <ClCompile Include="source\engine\behavior\gbbool.cpp">
      <Filter>SOURCE\Engine\Behavior</Filter>
    </ClCompile>
    <ClCompile Include="source\engine\state\CGameScene.cpp">
      <Filter>SOURCE\Engine\State</Filter>
    </ClCompile>
    <ClCompile Include="source\engine\state\CGameState.cpp">
      <Filter>SOURCE\Engine\State</Filter>
    </ClCompile>
    <ClCompile Include="source\engine\system\CGameMessenger.cpp">
      <Filter>SOURCE\Engine\System</Filter>
    </ClCompile>
    <ClCompile Include="source\engine\physics\motion\CRigidbody.cpp">
      <Filter>SOURCE\Engine\Physics\Motion</Filter>
    </ClCompile>
    <ClCompile Include="source\engine\physics\motion\CRigidbodyCharacter.cpp">
      <Filter>SOURCE\Engine\Physics\Motion</Filter>
    </ClCompile>
    <ClCompile Include="source\engine\physics\volumes\CVolumeTrigger.cpp">
      <Filter>SOURCE\Engine\Physics\Volumes</Filter>
    </ClCompile>
    <ClCompile Include="source\engine\physics\volumes\CWaterVolume.cpp">
      <Filter>SOURCE\Engine\Physics\Volumes</Filter>
    </ClCompile>
    <ClCompile Include="source\engine\utils\CDeveloperConsole.cpp">
      <Filter>SOURCE\Engine\Utils</Filter>
    </ClCompile>
    <ClCompile Include="source\engine\utils\CDeveloperConsoleFunctions.cpp">
      <Filter>SOURCE\Engine\Utils</Filter>
    </ClCompile>
    <ClCompile Include="source\engine\module_engine.cpp">
      <Filter>SOURCE\Engine</Filter>
    </ClCompile>
    <ClCompile Include="source\engine\behavior\CGameHandle.cpp">
      <Filter>SOURCE\Engine\Behavior</Filter>
    </ClCompile>
    <ClCompile Include="source\engine\server.cpp">
      <Filter>SOURCE\Engine\MPlayer %28Filter only%29</Filter>
    </ClCompile>
    <ClCompile Include="source\engine\client.cpp">
      <Filter>SOURCE\Engine\MPlayer %28Filter only%29</Filter>
    </ClCompile>
    <ClCompile Include="source\engine\network\BehaviorList.cpp">
      <Filter>SOURCE\Engine\Network</Filter>
    </ClCompile>
    <ClCompile Include="source\engine\physics\motion\CMotion.cpp">
      <Filter>SOURCE\Engine\Physics\Motion</Filter>
    </ClCompile>
    <ClCompile Include="source\engine\audio\AudioInterface.cpp">
      <Filter>SOURCE\Engine\Audio</Filter>
    </ClCompile>
    <ClCompile Include="source\engine\audio\Sound.cpp">
      <Filter>SOURCE\Engine\Audio</Filter>
    </ClCompile>
  </ItemGroup>
</Project>