<?xml version="1.0" encoding="utf-8"?>
<Project ToolsVersion="4.0" xmlns="http://schemas.microsoft.com/developer/msbuild/2003">
  <ItemGroup>
    <Filter Include="SOURCE">
      <UniqueIdentifier>{35c4695f-6e7a-4886-81b2-844b023b2224}</UniqueIdentifier>
    </Filter>
    <Filter Include="SOURCE\Tool">
      <UniqueIdentifier>{d1914408-bb9f-4bf8-83f5-f0b4ad6ffe57}</UniqueIdentifier>
    </Filter>
    <Filter Include="SOURCE\Tool\shell_thumbnail_bpd">
      <UniqueIdentifier>{179c992a-52b3-44a1-90a6-90095a3efed6}</UniqueIdentifier>
    </Filter>
  </ItemGroup>
  <ItemGroup>
    <ClCompile Include="source\tool\shell_thumbnail_bpd\BpdThumbnailProvider.cpp">
      <Filter>SOURCE\Tool\shell_thumbnail_bpd</Filter>
    </ClCompile>
    <ClCompile Include="source\tool\shell_thumbnail_bpd\BpdThumbnailMain.cpp">
      <Filter>SOURCE\Tool\shell_thumbnail_bpd</Filter>
    </ClCompile>
  </ItemGroup>
  <ItemGroup>
    <ClInclude Include="source\tool\shell_thumbnail_bpd\BpdThumbnailProvider.h">
      <Filter>SOURCE\Tool\shell_thumbnail_bpd</Filter>
    </ClInclude>
  </ItemGroup>
  <ItemGroup>
    <None Include="source\tool\shell_thumbnail_bpd\ThumbnailProvider.def">
      <Filter>SOURCE\Tool\shell_thumbnail_bpd</Filter>
    </None>
  </ItemGroup>
</Project>