<?xml version="1.0" encoding="utf-8"?>
<Project ToolsVersion="4.0" xmlns="http://schemas.microsoft.com/developer/msbuild/2003">
  <ItemGroup>
    <Filter Include="SOURCE">
      <UniqueIdentifier>{a5302c4f-cdde-403c-acda-6dd2b489a957}</UniqueIdentifier>
    </Filter>
    <Filter Include="SOURCE\Physical">
      <UniqueIdentifier>{35776d75-06e8-491f-b9e5-839e17bd15d4}</UniqueIdentifier>
    </Filter>
    <Filter Include="SOURCE\Physical\Physics">
      <UniqueIdentifier>{d8b90508-bcca-487c-a65d-168178300ed1}</UniqueIdentifier>
    </Filter>
    <Filter Include="SOURCE\Physical\Physics\Shapes">
      <UniqueIdentifier>{74a33077-a0df-48e7-95fb-1c8b7aead1b4}</UniqueIdentifier>
    </Filter>
    <Filter Include="SOURCE\Physical\Animation">
      <UniqueIdentifier>{d68be60c-e965-4ea0-8e6e-c9af09d83c3a}</UniqueIdentifier>
    </Filter>
    <Filter Include="SOURCE\Physical\Animation\Set">
      <UniqueIdentifier>{3862d0d8-1ebb-4650-8a77-ab1a12112278}</UniqueIdentifier>
    </Filter>
    <Filter Include="SOURCE\Physical\Animation\Curve">
      <UniqueIdentifier>{75ad347e-7431-435b-a065-aaa6f673ea3b}</UniqueIdentifier>
    </Filter>
    <Filter Include="SOURCE\Physical\Physics\Raycast">
      <UniqueIdentifier>{6ba346fb-acf9-47ad-9ac6-2851ff5f639b}</UniqueIdentifier>
    </Filter>
    <Filter Include="SOURCE\Physical\System">
      <UniqueIdentifier>{7ce9c98b-580e-4e5f-98ac-a68b1e28209a}</UniqueIdentifier>
    </Filter>
    <Filter Include="SOURCE\Physical\Skeleton">
      <UniqueIdentifier>{978b2131-3750-4831-ba9d-916f8d83c18f}</UniqueIdentifier>
    </Filter>
    <Filter Include="SOURCE\Physical\Physics\Water">
      <UniqueIdentifier>{1e117bbb-5226-4261-a265-27336d3b2689}</UniqueIdentifier>
    </Filter>
    <Filter Include="SOURCE\Physical\Physics\Wind">
      <UniqueIdentifier>{5f163d81-0c6c-4a3a-bbe9-c7f4f6f6f6ce}</UniqueIdentifier>
    </Filter>
    <Filter Include="SOURCE\Physical\Physics\Motion">
      <UniqueIdentifier>{e54539a5-5008-4933-813a-5f923ddcca28}</UniqueIdentifier>
    </Filter>
    <Filter Include="SOURCE\Physical\Physics\Phantom">
      <UniqueIdentifier>{e5d15d83-c536-4953-9044-05102cfdd0ac}</UniqueIdentifier>
    </Filter>
    <Filter Include="SOURCE\Physical\Resource">
      <UniqueIdentifier>{9920d30e-55d6-4d43-b084-4291cf36ea56}</UniqueIdentifier>
    </Filter>
  </ItemGroup>
  <ItemGroup>
    <ClInclude Include="source\physical\physical.h">
      <Filter>SOURCE\Physical</Filter>
    </ClInclude>
    <ClInclude Include="source\physical\physics.h">
      <Filter>SOURCE\Physical</Filter>
    </ClInclude>
    <ClInclude Include="source\physical\physics\CPhysics.h">
      <Filter>SOURCE\Physical\Physics</Filter>
    </ClInclude>
    <ClInclude Include="source\physical\physics\CPhysics.hpp">
      <Filter>SOURCE\Physical\Physics</Filter>
    </ClInclude>
    <ClInclude Include="source\physical\physics\CPhysicsCommon.h">
      <Filter>SOURCE\Physical\Physics</Filter>
    </ClInclude>
    <ClInclude Include="source\physical\physics\shapes\physMesh.h">
      <Filter>SOURCE\Physical\Physics\Shapes</Filter>
    </ClInclude>
    <ClInclude Include="source\physical\physics\shapes\physShape.h">
      <Filter>SOURCE\Physical\Physics\Shapes</Filter>
    </ClInclude>
    <ClInclude Include="source\physical\animation\CHKAnimation.h">
      <Filter>SOURCE\Physical\Animation</Filter>
    </ClInclude>
    <ClInclude Include="source\physical\animation\set\CHKAnimationSet.h">
      <Filter>SOURCE\Physical\Animation\Set</Filter>
    </ClInclude>
    <ClInclude Include="source\physical\animation\curve\CHKAnimationCurve.h">
      <Filter>SOURCE\Physical\Animation\Curve</Filter>
    </ClInclude>
    <ClInclude Include="source\physical\physics\raycast\RaycastHit.h">
      <Filter>SOURCE\Physical\Physics\Raycast</Filter>
    </ClInclude>
    <ClInclude Include="source\physical\system\Layers.h">
      <Filter>SOURCE\Physical\System</Filter>
    </ClInclude>
    <ClInclude Include="source\physical\skeleton\skeletonBone.h">
      <Filter>SOURCE\Physical\Skeleton</Filter>
    </ClInclude>
    <ClInclude Include="source\physical\physics\water\Water.h">
      <Filter>SOURCE\Physical\Physics\Water</Filter>
    </ClInclude>
    <ClInclude Include="source\physical\physics\wind\Wind.h">
      <Filter>SOURCE\Physical\Physics\Wind</Filter>
    </ClInclude>
    <ClInclude Include="source\physical\module_physical.h">
      <Filter>SOURCE\Physical</Filter>
    </ClInclude>
    <ClInclude Include="source\physical\physics\wind\CPhysWindBase.h">
      <Filter>SOURCE\Physical\Physics\Wind</Filter>
    </ClInclude>
    <ClInclude Include="source\physical\physics\motion\physRigidbody.h">
      <Filter>SOURCE\Physical\Physics\Motion</Filter>
    </ClInclude>
    <ClInclude Include="source\physical\physics\motion\physCharacter.h">
      <Filter>SOURCE\Physical\Physics\Motion</Filter>
    </ClInclude>
    <ClInclude Include="source\physical\physics\motion\physTriggerVolume.h">
      <Filter>SOURCE\Physical\Physics\Motion</Filter>
    </ClInclude>
    <ClInclude Include="source\physical\physics\phantom\hkArPhantomCallbackShape.h">
      <Filter>SOURCE\Physical\Physics\Phantom</Filter>
    </ClInclude>
    <ClInclude Include="source\physical\physics\shapes\physCapsuleShape.h">
      <Filter>SOURCE\Physical\Physics\Shapes</Filter>
    </ClInclude>
    <ClInclude Include="source\physical\mode.h">
      <Filter>SOURCE\Physical</Filter>
    </ClInclude>
    <ClInclude Include="source\physical\physics\shapes\physBoxShape.h">
      <Filter>SOURCE\Physical\Physics\Shapes</Filter>
    </ClInclude>
    <ClInclude Include="source\physical\physics\shapes\physCylinderShape.h">
      <Filter>SOURCE\Physical\Physics\Shapes</Filter>
    </ClInclude>
    <ClInclude Include="source\physical\physics\shapes\physSphereShape.h">
      <Filter>SOURCE\Physical\Physics\Shapes</Filter>
    </ClInclude>
    <ClInclude Include="source\physical\physics\motion\physCollisionFilter.h">
      <Filter>SOURCE\Physical\Physics\Motion</Filter>
    </ClInclude>
    <ClInclude Include="source\physical\physics\shapes\physStaticCompressedMesh.h">
      <Filter>SOURCE\Physical\Physics\Shapes</Filter>
    </ClInclude>
    <ClInclude Include="source\physical\physics\motion\physRigidBodyInfo.h">
      <Filter>SOURCE\Physical\Physics\Motion</Filter>
    </ClInclude>
    <ClInclude Include="source\physical\physics\motion\physCharacterRigidBodyInfo.h">
      <Filter>SOURCE\Physical\Physics\Motion</Filter>
    </ClInclude>
    <ClInclude Include="source\physical\resource\ResourceManager.h">
      <Filter>SOURCE\Physical\Resource</Filter>
    </ClInclude>
    <ClInclude Include="source\physical\animation\Injectors.h">
      <Filter>SOURCE\Physical\Animation</Filter>
    </ClInclude>
  </ItemGroup>
  <ItemGroup>
    <ClCompile Include="source\physical\physics\CPhysics.cpp">
      <Filter>SOURCE\Physical\Physics</Filter>
    </ClCompile>
    <ClCompile Include="source\physical\physics\CPhysicsLayers.cpp">
      <Filter>SOURCE\Physical\Physics</Filter>
    </ClCompile>
    <ClCompile Include="source\physical\physics\shapes\physMesh.cpp">
      <Filter>SOURCE\Physical\Physics\Shapes</Filter>
    </ClCompile>
    <ClCompile Include="source\physical\animation\CHKAnimation.cpp">
      <Filter>SOURCE\Physical\Animation</Filter>
    </ClCompile>
    <ClCompile Include="source\physical\animation\set\CHKAnimationSet.cpp">
      <Filter>SOURCE\Physical\Animation\Set</Filter>
    </ClCompile>
    <ClCompile Include="source\physical\physics\water\Water.cpp">
      <Filter>SOURCE\Physical\Physics\Water</Filter>
    </ClCompile>
    <ClCompile Include="source\physical\physics\wind\Wind.cpp">
      <Filter>SOURCE\Physical\Physics\Wind</Filter>
    </ClCompile>
    <ClCompile Include="source\physical\module_physical.cpp">
      <Filter>SOURCE\Physical</Filter>
    </ClCompile>
    <ClCompile Include="source\physical\physics\wind\CPhysWindBase.cpp">
      <Filter>SOURCE\Physical\Physics\Wind</Filter>
    </ClCompile>
    <ClCompile Include="source\physical\physics\phantom\hkArPhantomCallbackShape.cpp">
      <Filter>SOURCE\Physical\Physics\Phantom</Filter>
    </ClCompile>
    <ClCompile Include="source\physical\physics\motion\physRigidbody.cpp">
      <Filter>SOURCE\Physical\Physics\Motion</Filter>
    </ClCompile>
    <ClCompile Include="source\physical\physics\motion\physTriggerVolume.cpp">
      <Filter>SOURCE\Physical\Physics\Motion</Filter>
    </ClCompile>
    <ClCompile Include="source\physical\physics\motion\physCharacter.cpp">
      <Filter>SOURCE\Physical\Physics\Motion</Filter>
    </ClCompile>
    <ClCompile Include="source\physical\physics\shapes\physBoxShape.cpp">
      <Filter>SOURCE\Physical\Physics\Shapes</Filter>
    </ClCompile>
    <ClCompile Include="source\physical\physics\shapes\physCapsuleShape.cpp">
      <Filter>SOURCE\Physical\Physics\Shapes</Filter>
    </ClCompile>
    <ClCompile Include="source\physical\physics\shapes\physShape.cpp">
      <Filter>SOURCE\Physical\Physics\Shapes</Filter>
    </ClCompile>
    <ClCompile Include="source\physical\physics\shapes\physSphereShape.cpp">
      <Filter>SOURCE\Physical\Physics\Shapes</Filter>
    </ClCompile>
    <ClCompile Include="source\physical\physics\shapes\physCylinderShape.cpp">
      <Filter>SOURCE\Physical\Physics\Shapes</Filter>
    </ClCompile>
    <ClCompile Include="source\physical\physics\shapes\physStaticCompressedMesh.cpp">
      <Filter>SOURCE\Physical\Physics\Shapes</Filter>
    </ClCompile>
    <ClCompile Include="source\physical\resource\ResourceManager.cpp">
      <Filter>SOURCE\Physical\Resource</Filter>
    </ClCompile>
  </ItemGroup>
</Project>